// !$*UTF8*$!
{
	archiveVersion = 1;
	classes = {
	};
	objectVersion = 46;
	objects = {

/* Begin PBXBuildFile section */
		0338C782D409247C41E76E59 /* libPods.a in Frameworks */ = {isa = PBXBuildFile; fileRef = CDC1886AF25706AD811A7C91 /* libPods.a */; };
		A437410F1CF41E8D0021DABD /* T0AddBankCardViewController.m in Sources */ = {isa = PBXBuildFile; fileRef = A437410E1CF41E8D0021DABD /* T0AddBankCardViewController.m */; };
		A43741121CF7FECB0021DABD /* T0HomeViewController.m in Sources */ = {isa = PBXBuildFile; fileRef = A43741111CF7FECB0021DABD /* T0HomeViewController.m */; };
		A43741181CFC22920021DABD /* T0SSDetailTableViewCell.m in Sources */ = {isa = PBXBuildFile; fileRef = A43741171CFC22920021DABD /* T0SSDetailTableViewCell.m */; };
		A437411B1CFC22B00021DABD /* T0SSDetailViewController.m in Sources */ = {isa = PBXBuildFile; fileRef = A437411A1CFC22B00021DABD /* T0SSDetailViewController.m */; };
		A437411E1CFC4BDA0021DABD /* T0LineChartView.m in Sources */ = {isa = PBXBuildFile; fileRef = A437411D1CFC4BDA0021DABD /* T0LineChartView.m */; };
		A43741211CFD31190021DABD /* T0SSRecordViewController.m in Sources */ = {isa = PBXBuildFile; fileRef = A43741201CFD31190021DABD /* T0SSRecordViewController.m */; };
		A43741241CFD39DD0021DABD /* T0SSReportViewController.m in Sources */ = {isa = PBXBuildFile; fileRef = A43741231CFD39DD0021DABD /* T0SSReportViewController.m */; };
		A43741271CFD41880021DABD /* T0SSRecordTableViewCell.m in Sources */ = {isa = PBXBuildFile; fileRef = A43741261CFD41880021DABD /* T0SSRecordTableViewCell.m */; };
		A437412E1CFD771F0021DABD /* T0SSSettleTableViewCell.m in Sources */ = {isa = PBXBuildFile; fileRef = A437412D1CFD771F0021DABD /* T0SSSettleTableViewCell.m */; };
		A43741311CFD773A0021DABD /* T0SSSettleViewController.m in Sources */ = {isa = PBXBuildFile; fileRef = A43741301CFD773A0021DABD /* T0SSSettleViewController.m */; };
		A43741381CFD88210021DABD /* T0InputPasswordViewController.m in Sources */ = {isa = PBXBuildFile; fileRef = A43741371CFD88210021DABD /* T0InputPasswordViewController.m */; };
		A437413B1CFD88360021DABD /* T0ShowPasswordViewController.m in Sources */ = {isa = PBXBuildFile; fileRef = A437413A1CFD88360021DABD /* T0ShowPasswordViewController.m */; };
		A43741421CFD943F0021DABD /* T0RecommendSSDataModel.m in Sources */ = {isa = PBXBuildFile; fileRef = A43741411CFD943F0021DABD /* T0RecommendSSDataModel.m */; };
		A43741451CFD9C0A0021DABD /* T0SettleRecordDataModel.m in Sources */ = {isa = PBXBuildFile; fileRef = A43741441CFD9C0A0021DABD /* T0SettleRecordDataModel.m */; };
		A4B291351CF2AA00002CE6B4 /* main.m in Sources */ = {isa = PBXBuildFile; fileRef = A4B291341CF2AA00002CE6B4 /* main.m */; };
		A4B291381CF2AA00002CE6B4 /* AppDelegate.m in Sources */ = {isa = PBXBuildFile; fileRef = A4B291371CF2AA00002CE6B4 /* AppDelegate.m */; };
		A4B2913E1CF2AA00002CE6B4 /* Main.storyboard in Resources */ = {isa = PBXBuildFile; fileRef = A4B2913C1CF2AA00002CE6B4 /* Main.storyboard */; };
		A4B291401CF2AA00002CE6B4 /* Assets.xcassets in Resources */ = {isa = PBXBuildFile; fileRef = A4B2913F1CF2AA00002CE6B4 /* Assets.xcassets */; };
		A4B291431CF2AA00002CE6B4 /* LaunchScreen.storyboard in Resources */ = {isa = PBXBuildFile; fileRef = A4B291411CF2AA00002CE6B4 /* LaunchScreen.storyboard */; };
		A4B2914E1CF2AA01002CE6B4 /* ZhuanTou_T0Tests.m in Sources */ = {isa = PBXBuildFile; fileRef = A4B2914D1CF2AA01002CE6B4 /* ZhuanTou_T0Tests.m */; };
		A4B291591CF2AA01002CE6B4 /* ZhuanTou_T0UITests.m in Sources */ = {isa = PBXBuildFile; fileRef = A4B291581CF2AA01002CE6B4 /* ZhuanTou_T0UITests.m */; };
		A4B291791CF2D411002CE6B4 /* T0Animator.m in Sources */ = {isa = PBXBuildFile; fileRef = A4B291771CF2D411002CE6B4 /* T0Animator.m */; };
		A4B2917D1CF2D42A002CE6B4 /* T0BaseFunction.m in Sources */ = {isa = PBXBuildFile; fileRef = A4B2917A1CF2D42A002CE6B4 /* T0BaseFunction.m */; };
		A4B2917E1CF2D42A002CE6B4 /* T0ButtonOnlyEngine.m in Sources */ = {isa = PBXBuildFile; fileRef = A4B2917C1CF2D42A002CE6B4 /* T0ButtonOnlyEngine.m */; };
		A4B291831CF2D465002CE6B4 /* T0BorderedButton.m in Sources */ = {isa = PBXBuildFile; fileRef = A4B291801CF2D465002CE6B4 /* T0BorderedButton.m */; };
		A4B291841CF2D465002CE6B4 /* T0SmartPlaceholderTextField.m in Sources */ = {isa = PBXBuildFile; fileRef = A4B291821CF2D465002CE6B4 /* T0SmartPlaceholderTextField.m */; };
		A4B291891CF2D48B002CE6B4 /* T0BaseViewController.m in Sources */ = {isa = PBXBuildFile; fileRef = A4B291861CF2D48B002CE6B4 /* T0BaseViewController.m */; };
		A4B2918A1CF2D48B002CE6B4 /* T0NavigationController.m in Sources */ = {isa = PBXBuildFile; fileRef = A4B291881CF2D48B002CE6B4 /* T0NavigationController.m */; };
		A4B2918D1CF2D526002CE6B4 /* T0BaseModel.m in Sources */ = {isa = PBXBuildFile; fileRef = A4B2918C1CF2D526002CE6B4 /* T0BaseModel.m */; };
		A4B291901CF2D584002CE6B4 /* T0LaunchViewController.m in Sources */ = {isa = PBXBuildFile; fileRef = A4B2918F1CF2D584002CE6B4 /* T0LaunchViewController.m */; };
		A4B291931CF2D6D7002CE6B4 /* T0LoginDataModel.m in Sources */ = {isa = PBXBuildFile; fileRef = A4B291921CF2D6D7002CE6B4 /* T0LoginDataModel.m */; };
		A4B291981CF2D700002CE6B4 /* T0LoginMobileViewController.m in Sources */ = {isa = PBXBuildFile; fileRef = A4B291951CF2D700002CE6B4 /* T0LoginMobileViewController.m */; };
		A4B291991CF2D700002CE6B4 /* T0LoginPasswordViewController.m in Sources */ = {isa = PBXBuildFile; fileRef = A4B291971CF2D700002CE6B4 /* T0LoginPasswordViewController.m */; };
		A4B2919C1CF2DA2F002CE6B4 /* T0RegisterDataModel.m in Sources */ = {isa = PBXBuildFile; fileRef = A4B2919B1CF2DA2F002CE6B4 /* T0RegisterDataModel.m */; };
		A4B291A51CF2DA47002CE6B4 /* T0RegisterMobileViewController.m in Sources */ = {isa = PBXBuildFile; fileRef = A4B2919E1CF2DA47002CE6B4 /* T0RegisterMobileViewController.m */; };
		A4B291A61CF2DA47002CE6B4 /* T0RegisterPasswordViewController.m in Sources */ = {isa = PBXBuildFile; fileRef = A4B291A01CF2DA47002CE6B4 /* T0RegisterPasswordViewController.m */; };
		A4B291A71CF2DA47002CE6B4 /* T0RegisterSmsCodeViewController.m in Sources */ = {isa = PBXBuildFile; fileRef = A4B291A21CF2DA47002CE6B4 /* T0RegisterSmsCodeViewController.m */; };
		A4B291A81CF2DA47002CE6B4 /* T0RegisterSuccessViewController.m in Sources */ = {isa = PBXBuildFile; fileRef = A4B291A41CF2DA47002CE6B4 /* T0RegisterSuccessViewController.m */; };
		A4B291B71CF2DE05002CE6B4 /* T0StockDataModel.m in Sources */ = {isa = PBXBuildFile; fileRef = A4B291B61CF2DE05002CE6B4 /* T0StockDataModel.m */; };
		A4B291BA1CF2DE25002CE6B4 /* T0SearchEngine.m in Sources */ = {isa = PBXBuildFile; fileRef = A4B291B91CF2DE25002CE6B4 /* T0SearchEngine.m */; };
		A4B291C11CF2DE88002CE6B4 /* T0ChooseListView.m in Sources */ = {isa = PBXBuildFile; fileRef = A4B291BC1CF2DE88002CE6B4 /* T0ChooseListView.m */; };
		A4B291C21CF2DE88002CE6B4 /* T0StockSourceButtonTableViewCell.m in Sources */ = {isa = PBXBuildFile; fileRef = A4B291BE1CF2DE88002CE6B4 /* T0StockSourceButtonTableViewCell.m */; };
		A4B291C31CF2DE88002CE6B4 /* T0StockSourceTableViewCell.m in Sources */ = {isa = PBXBuildFile; fileRef = A4B291BF1CF2DE88002CE6B4 /* T0StockSourceTableViewCell.m */; };
		A4B291CB1CF2DF6C002CE6B4 /* T0StockSourceAddViewController.m in Sources */ = {isa = PBXBuildFile; fileRef = A4B291C61CF2DF6C002CE6B4 /* T0StockSourceAddViewController.m */; };
		A4B291CC1CF2DF6C002CE6B4 /* T0StockSourceCompleteViewController.m in Sources */ = {isa = PBXBuildFile; fileRef = A4B291C81CF2DF6C002CE6B4 /* T0StockSourceCompleteViewController.m */; };
		A4B291CD1CF2DF6C002CE6B4 /* T0StockSourceViewController.m in Sources */ = {isa = PBXBuildFile; fileRef = A4B291CA1CF2DF6C002CE6B4 /* T0StockSourceViewController.m */; };
		A4B291D01CF2DF9B002CE6B4 /* T0StockSourceChooseView.m in Sources */ = {isa = PBXBuildFile; fileRef = A4B291CF1CF2DF9B002CE6B4 /* T0StockSourceChooseView.m */; };
		A4B291D31CF2E15D002CE6B4 /* T0MySSDataModel.m in Sources */ = {isa = PBXBuildFile; fileRef = A4B291D21CF2E15D002CE6B4 /* T0MySSDataModel.m */; };
		A4B291E01CF2E232002CE6B4 /* T0SSProgressDataModel.m in Sources */ = {isa = PBXBuildFile; fileRef = A4B291DF1CF2E232002CE6B4 /* T0SSProgressDataModel.m */; };
		A4B291E31CF2E25A002CE6B4 /* T0ProgressTrackingTableViewCell.m in Sources */ = {isa = PBXBuildFile; fileRef = A4B291E21CF2E25A002CE6B4 /* T0ProgressTrackingTableViewCell.m */; };
		A4B291E61CF2E278002CE6B4 /* T0ProgressTrackingViewController.m in Sources */ = {isa = PBXBuildFile; fileRef = A4B291E51CF2E278002CE6B4 /* T0ProgressTrackingViewController.m */; };
		A4B291F71CF2E3C9002CE6B4 /* T0MySSViewController.m in Sources */ = {isa = PBXBuildFile; fileRef = A4B291F41CF2E3C9002CE6B4 /* T0MySSViewController.m */; };
		A4B292131CF2E948002CE6B4 /* T0BalanceDataModel.m in Sources */ = {isa = PBXBuildFile; fileRef = A4B292121CF2E948002CE6B4 /* T0BalanceDataModel.m */; };
		A4B292161CF2E959002CE6B4 /* T0BalanceTableViewCell.m in Sources */ = {isa = PBXBuildFile; fileRef = A4B292151CF2E959002CE6B4 /* T0BalanceTableViewCell.m */; };
		A4B292191CF2E973002CE6B4 /* T0BalanceViewController.m in Sources */ = {isa = PBXBuildFile; fileRef = A4B292181CF2E973002CE6B4 /* T0BalanceViewController.m */; };
		A4B2922E1CF2EA5D002CE6B4 /* T0WebViewController.m in Sources */ = {isa = PBXBuildFile; fileRef = A4B2922D1CF2EA5D002CE6B4 /* T0WebViewController.m */; };
		A4B292311CF2F2D7002CE6B4 /* T0MySSTableViewCell1.m in Sources */ = {isa = PBXBuildFile; fileRef = A4B292301CF2F2D7002CE6B4 /* T0MySSTableViewCell1.m */; };
		A4B292341CF2F2E9002CE6B4 /* T0MySSTableViewCell2.m in Sources */ = {isa = PBXBuildFile; fileRef = A4B292331CF2F2E9002CE6B4 /* T0MySSTableViewCell2.m */; };
		A4B292371CF2F2FA002CE6B4 /* T0MySSTableViewCell3.m in Sources */ = {isa = PBXBuildFile; fileRef = A4B292361CF2F2FA002CE6B4 /* T0MySSTableViewCell3.m */; };
		A4B2923C1CF31AE9002CE6B4 /* Farrington7B_Qiqi.ttf in Resources */ = {isa = PBXBuildFile; fileRef = A4B2923B1CF31AE9002CE6B4 /* Farrington7B_Qiqi.ttf */; };
		A4B292401CF31EBA002CE6B4 /* T0MyBankCardViewController.m in Sources */ = {isa = PBXBuildFile; fileRef = A4B2923F1CF31EBA002CE6B4 /* T0MyBankCardViewController.m */; };
/* End PBXBuildFile section */

/* Begin PBXContainerItemProxy section */
		A4B2914A1CF2AA01002CE6B4 /* PBXContainerItemProxy */ = {
			isa = PBXContainerItemProxy;
			containerPortal = A4B291281CF2AA00002CE6B4 /* Project object */;
			proxyType = 1;
			remoteGlobalIDString = A4B2912F1CF2AA00002CE6B4;
			remoteInfo = ZhuanTou_T0;
		};
		A4B291551CF2AA01002CE6B4 /* PBXContainerItemProxy */ = {
			isa = PBXContainerItemProxy;
			containerPortal = A4B291281CF2AA00002CE6B4 /* Project object */;
			proxyType = 1;
			remoteGlobalIDString = A4B2912F1CF2AA00002CE6B4;
			remoteInfo = ZhuanTou_T0;
		};
/* End PBXContainerItemProxy section */

/* Begin PBXFileReference section */
		2A2B895DC58C1FD7C48EA8D7 /* Pods.release.xcconfig */ = {isa = PBXFileReference; includeInIndex = 1; lastKnownFileType = text.xcconfig; name = Pods.release.xcconfig; path = "Pods/Target Support Files/Pods/Pods.release.xcconfig"; sourceTree = "<group>"; };
		7EDDB6A31C21029F3D27AB78 /* Pods.debug.xcconfig */ = {isa = PBXFileReference; includeInIndex = 1; lastKnownFileType = text.xcconfig; name = Pods.debug.xcconfig; path = "Pods/Target Support Files/Pods/Pods.debug.xcconfig"; sourceTree = "<group>"; };
		A437410D1CF41E8D0021DABD /* T0AddBankCardViewController.h */ = {isa = PBXFileReference; fileEncoding = 4; lastKnownFileType = sourcecode.c.h; path = T0AddBankCardViewController.h; sourceTree = "<group>"; };
		A437410E1CF41E8D0021DABD /* T0AddBankCardViewController.m */ = {isa = PBXFileReference; fileEncoding = 4; lastKnownFileType = sourcecode.c.objc; path = T0AddBankCardViewController.m; sourceTree = "<group>"; };
		A43741101CF7FECB0021DABD /* T0HomeViewController.h */ = {isa = PBXFileReference; fileEncoding = 4; lastKnownFileType = sourcecode.c.h; path = T0HomeViewController.h; sourceTree = "<group>"; };
		A43741111CF7FECB0021DABD /* T0HomeViewController.m */ = {isa = PBXFileReference; fileEncoding = 4; lastKnownFileType = sourcecode.c.objc; path = T0HomeViewController.m; sourceTree = "<group>"; };
		A43741161CFC22920021DABD /* T0SSDetailTableViewCell.h */ = {isa = PBXFileReference; fileEncoding = 4; lastKnownFileType = sourcecode.c.h; path = T0SSDetailTableViewCell.h; sourceTree = "<group>"; };
		A43741171CFC22920021DABD /* T0SSDetailTableViewCell.m */ = {isa = PBXFileReference; fileEncoding = 4; lastKnownFileType = sourcecode.c.objc; path = T0SSDetailTableViewCell.m; sourceTree = "<group>"; };
		A43741191CFC22B00021DABD /* T0SSDetailViewController.h */ = {isa = PBXFileReference; fileEncoding = 4; lastKnownFileType = sourcecode.c.h; path = T0SSDetailViewController.h; sourceTree = "<group>"; };
		A437411A1CFC22B00021DABD /* T0SSDetailViewController.m */ = {isa = PBXFileReference; fileEncoding = 4; lastKnownFileType = sourcecode.c.objc; path = T0SSDetailViewController.m; sourceTree = "<group>"; };
		A437411C1CFC4BDA0021DABD /* T0LineChartView.h */ = {isa = PBXFileReference; fileEncoding = 4; lastKnownFileType = sourcecode.c.h; path = T0LineChartView.h; sourceTree = "<group>"; };
		A437411D1CFC4BDA0021DABD /* T0LineChartView.m */ = {isa = PBXFileReference; fileEncoding = 4; lastKnownFileType = sourcecode.c.objc; path = T0LineChartView.m; sourceTree = "<group>"; };
		A437411F1CFD31190021DABD /* T0SSRecordViewController.h */ = {isa = PBXFileReference; fileEncoding = 4; lastKnownFileType = sourcecode.c.h; path = T0SSRecordViewController.h; sourceTree = "<group>"; };
		A43741201CFD31190021DABD /* T0SSRecordViewController.m */ = {isa = PBXFileReference; fileEncoding = 4; lastKnownFileType = sourcecode.c.objc; path = T0SSRecordViewController.m; sourceTree = "<group>"; };
		A43741221CFD39DD0021DABD /* T0SSReportViewController.h */ = {isa = PBXFileReference; fileEncoding = 4; lastKnownFileType = sourcecode.c.h; path = T0SSReportViewController.h; sourceTree = "<group>"; };
		A43741231CFD39DD0021DABD /* T0SSReportViewController.m */ = {isa = PBXFileReference; fileEncoding = 4; lastKnownFileType = sourcecode.c.objc; path = T0SSReportViewController.m; sourceTree = "<group>"; };
		A43741251CFD41880021DABD /* T0SSRecordTableViewCell.h */ = {isa = PBXFileReference; fileEncoding = 4; lastKnownFileType = sourcecode.c.h; path = T0SSRecordTableViewCell.h; sourceTree = "<group>"; };
		A43741261CFD41880021DABD /* T0SSRecordTableViewCell.m */ = {isa = PBXFileReference; fileEncoding = 4; lastKnownFileType = sourcecode.c.objc; path = T0SSRecordTableViewCell.m; sourceTree = "<group>"; };
		A437412C1CFD771F0021DABD /* T0SSSettleTableViewCell.h */ = {isa = PBXFileReference; fileEncoding = 4; lastKnownFileType = sourcecode.c.h; path = T0SSSettleTableViewCell.h; sourceTree = "<group>"; };
		A437412D1CFD771F0021DABD /* T0SSSettleTableViewCell.m */ = {isa = PBXFileReference; fileEncoding = 4; lastKnownFileType = sourcecode.c.objc; path = T0SSSettleTableViewCell.m; sourceTree = "<group>"; };
		A437412F1CFD773A0021DABD /* T0SSSettleViewController.h */ = {isa = PBXFileReference; fileEncoding = 4; lastKnownFileType = sourcecode.c.h; path = T0SSSettleViewController.h; sourceTree = "<group>"; };
		A43741301CFD773A0021DABD /* T0SSSettleViewController.m */ = {isa = PBXFileReference; fileEncoding = 4; lastKnownFileType = sourcecode.c.objc; path = T0SSSettleViewController.m; sourceTree = "<group>"; };
		A43741361CFD88210021DABD /* T0InputPasswordViewController.h */ = {isa = PBXFileReference; fileEncoding = 4; lastKnownFileType = sourcecode.c.h; path = T0InputPasswordViewController.h; sourceTree = "<group>"; };
		A43741371CFD88210021DABD /* T0InputPasswordViewController.m */ = {isa = PBXFileReference; fileEncoding = 4; lastKnownFileType = sourcecode.c.objc; path = T0InputPasswordViewController.m; sourceTree = "<group>"; };
		A43741391CFD88360021DABD /* T0ShowPasswordViewController.h */ = {isa = PBXFileReference; fileEncoding = 4; lastKnownFileType = sourcecode.c.h; path = T0ShowPasswordViewController.h; sourceTree = "<group>"; };
		A437413A1CFD88360021DABD /* T0ShowPasswordViewController.m */ = {isa = PBXFileReference; fileEncoding = 4; lastKnownFileType = sourcecode.c.objc; path = T0ShowPasswordViewController.m; sourceTree = "<group>"; };
		A43741401CFD943F0021DABD /* T0RecommendSSDataModel.h */ = {isa = PBXFileReference; fileEncoding = 4; lastKnownFileType = sourcecode.c.h; path = T0RecommendSSDataModel.h; sourceTree = "<group>"; };
		A43741411CFD943F0021DABD /* T0RecommendSSDataModel.m */ = {isa = PBXFileReference; fileEncoding = 4; lastKnownFileType = sourcecode.c.objc; path = T0RecommendSSDataModel.m; sourceTree = "<group>"; };
		A43741431CFD9C0A0021DABD /* T0SettleRecordDataModel.h */ = {isa = PBXFileReference; fileEncoding = 4; lastKnownFileType = sourcecode.c.h; path = T0SettleRecordDataModel.h; sourceTree = "<group>"; };
		A43741441CFD9C0A0021DABD /* T0SettleRecordDataModel.m */ = {isa = PBXFileReference; fileEncoding = 4; lastKnownFileType = sourcecode.c.objc; path = T0SettleRecordDataModel.m; sourceTree = "<group>"; };
		A4B291301CF2AA00002CE6B4 /* ZhuanTou_T0.app */ = {isa = PBXFileReference; explicitFileType = wrapper.application; includeInIndex = 0; path = ZhuanTou_T0.app; sourceTree = BUILT_PRODUCTS_DIR; };
		A4B291341CF2AA00002CE6B4 /* main.m */ = {isa = PBXFileReference; lastKnownFileType = sourcecode.c.objc; path = main.m; sourceTree = "<group>"; };
		A4B291361CF2AA00002CE6B4 /* AppDelegate.h */ = {isa = PBXFileReference; lastKnownFileType = sourcecode.c.h; path = AppDelegate.h; sourceTree = "<group>"; };
		A4B291371CF2AA00002CE6B4 /* AppDelegate.m */ = {isa = PBXFileReference; lastKnownFileType = sourcecode.c.objc; path = AppDelegate.m; sourceTree = "<group>"; };
		A4B2913D1CF2AA00002CE6B4 /* Base */ = {isa = PBXFileReference; lastKnownFileType = file.storyboard; name = Base; path = Base.lproj/Main.storyboard; sourceTree = "<group>"; };
		A4B2913F1CF2AA00002CE6B4 /* Assets.xcassets */ = {isa = PBXFileReference; lastKnownFileType = folder.assetcatalog; path = Assets.xcassets; sourceTree = "<group>"; };
		A4B291421CF2AA00002CE6B4 /* Base */ = {isa = PBXFileReference; lastKnownFileType = file.storyboard; name = Base; path = Base.lproj/LaunchScreen.storyboard; sourceTree = "<group>"; };
		A4B291441CF2AA00002CE6B4 /* Info.plist */ = {isa = PBXFileReference; lastKnownFileType = text.plist.xml; path = Info.plist; sourceTree = "<group>"; };
		A4B291491CF2AA01002CE6B4 /* ZhuanTou_T0Tests.xctest */ = {isa = PBXFileReference; explicitFileType = wrapper.cfbundle; includeInIndex = 0; path = ZhuanTou_T0Tests.xctest; sourceTree = BUILT_PRODUCTS_DIR; };
		A4B2914D1CF2AA01002CE6B4 /* ZhuanTou_T0Tests.m */ = {isa = PBXFileReference; lastKnownFileType = sourcecode.c.objc; path = ZhuanTou_T0Tests.m; sourceTree = "<group>"; };
		A4B2914F1CF2AA01002CE6B4 /* Info.plist */ = {isa = PBXFileReference; lastKnownFileType = text.plist.xml; path = Info.plist; sourceTree = "<group>"; };
		A4B291541CF2AA01002CE6B4 /* ZhuanTou_T0UITests.xctest */ = {isa = PBXFileReference; explicitFileType = wrapper.cfbundle; includeInIndex = 0; path = ZhuanTou_T0UITests.xctest; sourceTree = BUILT_PRODUCTS_DIR; };
		A4B291581CF2AA01002CE6B4 /* ZhuanTou_T0UITests.m */ = {isa = PBXFileReference; lastKnownFileType = sourcecode.c.objc; path = ZhuanTou_T0UITests.m; sourceTree = "<group>"; };
		A4B2915A1CF2AA01002CE6B4 /* Info.plist */ = {isa = PBXFileReference; lastKnownFileType = text.plist.xml; path = Info.plist; sourceTree = "<group>"; };
		A4B291671CF2CE9F002CE6B4 /* Const.h */ = {isa = PBXFileReference; lastKnownFileType = sourcecode.c.h; path = Const.h; sourceTree = "<group>"; };
		A4B291681CF2CEB1002CE6B4 /* PrefixHeader.pch */ = {isa = PBXFileReference; lastKnownFileType = sourcecode.c.h; path = PrefixHeader.pch; sourceTree = "<group>"; };
		A4B291761CF2D411002CE6B4 /* T0Animator.h */ = {isa = PBXFileReference; fileEncoding = 4; lastKnownFileType = sourcecode.c.h; path = T0Animator.h; sourceTree = "<group>"; };
		A4B291771CF2D411002CE6B4 /* T0Animator.m */ = {isa = PBXFileReference; fileEncoding = 4; lastKnownFileType = sourcecode.c.objc; path = T0Animator.m; sourceTree = "<group>"; };
		A4B291781CF2D411002CE6B4 /* T0BaseFunction.h */ = {isa = PBXFileReference; fileEncoding = 4; lastKnownFileType = sourcecode.c.h; path = T0BaseFunction.h; sourceTree = "<group>"; };
		A4B2917A1CF2D42A002CE6B4 /* T0BaseFunction.m */ = {isa = PBXFileReference; fileEncoding = 4; lastKnownFileType = sourcecode.c.objc; path = T0BaseFunction.m; sourceTree = "<group>"; };
		A4B2917B1CF2D42A002CE6B4 /* T0ButtonOnlyEngine.h */ = {isa = PBXFileReference; fileEncoding = 4; lastKnownFileType = sourcecode.c.h; path = T0ButtonOnlyEngine.h; sourceTree = "<group>"; };
		A4B2917C1CF2D42A002CE6B4 /* T0ButtonOnlyEngine.m */ = {isa = PBXFileReference; fileEncoding = 4; lastKnownFileType = sourcecode.c.objc; path = T0ButtonOnlyEngine.m; sourceTree = "<group>"; };
		A4B2917F1CF2D465002CE6B4 /* T0BorderedButton.h */ = {isa = PBXFileReference; fileEncoding = 4; lastKnownFileType = sourcecode.c.h; path = T0BorderedButton.h; sourceTree = "<group>"; };
		A4B291801CF2D465002CE6B4 /* T0BorderedButton.m */ = {isa = PBXFileReference; fileEncoding = 4; lastKnownFileType = sourcecode.c.objc; path = T0BorderedButton.m; sourceTree = "<group>"; };
		A4B291811CF2D465002CE6B4 /* T0SmartPlaceholderTextField.h */ = {isa = PBXFileReference; fileEncoding = 4; lastKnownFileType = sourcecode.c.h; path = T0SmartPlaceholderTextField.h; sourceTree = "<group>"; };
		A4B291821CF2D465002CE6B4 /* T0SmartPlaceholderTextField.m */ = {isa = PBXFileReference; fileEncoding = 4; lastKnownFileType = sourcecode.c.objc; path = T0SmartPlaceholderTextField.m; sourceTree = "<group>"; };
		A4B291851CF2D48B002CE6B4 /* T0BaseViewController.h */ = {isa = PBXFileReference; fileEncoding = 4; lastKnownFileType = sourcecode.c.h; path = T0BaseViewController.h; sourceTree = "<group>"; };
		A4B291861CF2D48B002CE6B4 /* T0BaseViewController.m */ = {isa = PBXFileReference; fileEncoding = 4; lastKnownFileType = sourcecode.c.objc; path = T0BaseViewController.m; sourceTree = "<group>"; };
		A4B291871CF2D48B002CE6B4 /* T0NavigationController.h */ = {isa = PBXFileReference; fileEncoding = 4; lastKnownFileType = sourcecode.c.h; path = T0NavigationController.h; sourceTree = "<group>"; };
		A4B291881CF2D48B002CE6B4 /* T0NavigationController.m */ = {isa = PBXFileReference; fileEncoding = 4; lastKnownFileType = sourcecode.c.objc; path = T0NavigationController.m; sourceTree = "<group>"; };
		A4B2918B1CF2D526002CE6B4 /* T0BaseModel.h */ = {isa = PBXFileReference; fileEncoding = 4; lastKnownFileType = sourcecode.c.h; path = T0BaseModel.h; sourceTree = "<group>"; };
		A4B2918C1CF2D526002CE6B4 /* T0BaseModel.m */ = {isa = PBXFileReference; fileEncoding = 4; lastKnownFileType = sourcecode.c.objc; path = T0BaseModel.m; sourceTree = "<group>"; };
		A4B2918E1CF2D584002CE6B4 /* T0LaunchViewController.h */ = {isa = PBXFileReference; fileEncoding = 4; lastKnownFileType = sourcecode.c.h; path = T0LaunchViewController.h; sourceTree = "<group>"; };
		A4B2918F1CF2D584002CE6B4 /* T0LaunchViewController.m */ = {isa = PBXFileReference; fileEncoding = 4; lastKnownFileType = sourcecode.c.objc; path = T0LaunchViewController.m; sourceTree = "<group>"; };
		A4B291911CF2D6D7002CE6B4 /* T0LoginDataModel.h */ = {isa = PBXFileReference; fileEncoding = 4; lastKnownFileType = sourcecode.c.h; path = T0LoginDataModel.h; sourceTree = "<group>"; };
		A4B291921CF2D6D7002CE6B4 /* T0LoginDataModel.m */ = {isa = PBXFileReference; fileEncoding = 4; lastKnownFileType = sourcecode.c.objc; path = T0LoginDataModel.m; sourceTree = "<group>"; };
		A4B291941CF2D700002CE6B4 /* T0LoginMobileViewController.h */ = {isa = PBXFileReference; fileEncoding = 4; lastKnownFileType = sourcecode.c.h; path = T0LoginMobileViewController.h; sourceTree = "<group>"; };
		A4B291951CF2D700002CE6B4 /* T0LoginMobileViewController.m */ = {isa = PBXFileReference; fileEncoding = 4; lastKnownFileType = sourcecode.c.objc; path = T0LoginMobileViewController.m; sourceTree = "<group>"; };
		A4B291961CF2D700002CE6B4 /* T0LoginPasswordViewController.h */ = {isa = PBXFileReference; fileEncoding = 4; lastKnownFileType = sourcecode.c.h; path = T0LoginPasswordViewController.h; sourceTree = "<group>"; };
		A4B291971CF2D700002CE6B4 /* T0LoginPasswordViewController.m */ = {isa = PBXFileReference; fileEncoding = 4; lastKnownFileType = sourcecode.c.objc; path = T0LoginPasswordViewController.m; sourceTree = "<group>"; };
		A4B2919A1CF2DA2F002CE6B4 /* T0RegisterDataModel.h */ = {isa = PBXFileReference; fileEncoding = 4; lastKnownFileType = sourcecode.c.h; path = T0RegisterDataModel.h; sourceTree = "<group>"; };
		A4B2919B1CF2DA2F002CE6B4 /* T0RegisterDataModel.m */ = {isa = PBXFileReference; fileEncoding = 4; lastKnownFileType = sourcecode.c.objc; path = T0RegisterDataModel.m; sourceTree = "<group>"; };
		A4B2919D1CF2DA47002CE6B4 /* T0RegisterMobileViewController.h */ = {isa = PBXFileReference; fileEncoding = 4; lastKnownFileType = sourcecode.c.h; path = T0RegisterMobileViewController.h; sourceTree = "<group>"; };
		A4B2919E1CF2DA47002CE6B4 /* T0RegisterMobileViewController.m */ = {isa = PBXFileReference; fileEncoding = 4; lastKnownFileType = sourcecode.c.objc; path = T0RegisterMobileViewController.m; sourceTree = "<group>"; };
		A4B2919F1CF2DA47002CE6B4 /* T0RegisterPasswordViewController.h */ = {isa = PBXFileReference; fileEncoding = 4; lastKnownFileType = sourcecode.c.h; path = T0RegisterPasswordViewController.h; sourceTree = "<group>"; };
		A4B291A01CF2DA47002CE6B4 /* T0RegisterPasswordViewController.m */ = {isa = PBXFileReference; fileEncoding = 4; lastKnownFileType = sourcecode.c.objc; path = T0RegisterPasswordViewController.m; sourceTree = "<group>"; };
		A4B291A11CF2DA47002CE6B4 /* T0RegisterSmsCodeViewController.h */ = {isa = PBXFileReference; fileEncoding = 4; lastKnownFileType = sourcecode.c.h; path = T0RegisterSmsCodeViewController.h; sourceTree = "<group>"; };
		A4B291A21CF2DA47002CE6B4 /* T0RegisterSmsCodeViewController.m */ = {isa = PBXFileReference; fileEncoding = 4; lastKnownFileType = sourcecode.c.objc; path = T0RegisterSmsCodeViewController.m; sourceTree = "<group>"; };
		A4B291A31CF2DA47002CE6B4 /* T0RegisterSuccessViewController.h */ = {isa = PBXFileReference; fileEncoding = 4; lastKnownFileType = sourcecode.c.h; path = T0RegisterSuccessViewController.h; sourceTree = "<group>"; };
		A4B291A41CF2DA47002CE6B4 /* T0RegisterSuccessViewController.m */ = {isa = PBXFileReference; fileEncoding = 4; lastKnownFileType = sourcecode.c.objc; path = T0RegisterSuccessViewController.m; sourceTree = "<group>"; };
		A4B291B51CF2DE05002CE6B4 /* T0StockDataModel.h */ = {isa = PBXFileReference; fileEncoding = 4; lastKnownFileType = sourcecode.c.h; path = T0StockDataModel.h; sourceTree = "<group>"; };
		A4B291B61CF2DE05002CE6B4 /* T0StockDataModel.m */ = {isa = PBXFileReference; fileEncoding = 4; lastKnownFileType = sourcecode.c.objc; path = T0StockDataModel.m; sourceTree = "<group>"; };
		A4B291B81CF2DE25002CE6B4 /* T0SearchEngine.h */ = {isa = PBXFileReference; fileEncoding = 4; lastKnownFileType = sourcecode.c.h; path = T0SearchEngine.h; sourceTree = "<group>"; };
		A4B291B91CF2DE25002CE6B4 /* T0SearchEngine.m */ = {isa = PBXFileReference; fileEncoding = 4; lastKnownFileType = sourcecode.c.objc; path = T0SearchEngine.m; sourceTree = "<group>"; };
		A4B291BB1CF2DE88002CE6B4 /* T0ChooseListView.h */ = {isa = PBXFileReference; fileEncoding = 4; lastKnownFileType = sourcecode.c.h; path = T0ChooseListView.h; sourceTree = "<group>"; };
		A4B291BC1CF2DE88002CE6B4 /* T0ChooseListView.m */ = {isa = PBXFileReference; fileEncoding = 4; lastKnownFileType = sourcecode.c.objc; path = T0ChooseListView.m; sourceTree = "<group>"; };
		A4B291BD1CF2DE88002CE6B4 /* T0StockSourceButtonTableViewCell.h */ = {isa = PBXFileReference; fileEncoding = 4; lastKnownFileType = sourcecode.c.h; path = T0StockSourceButtonTableViewCell.h; sourceTree = "<group>"; };
		A4B291BE1CF2DE88002CE6B4 /* T0StockSourceButtonTableViewCell.m */ = {isa = PBXFileReference; fileEncoding = 4; lastKnownFileType = sourcecode.c.objc; path = T0StockSourceButtonTableViewCell.m; sourceTree = "<group>"; };
		A4B291BF1CF2DE88002CE6B4 /* T0StockSourceTableViewCell.m */ = {isa = PBXFileReference; fileEncoding = 4; lastKnownFileType = sourcecode.c.objc; path = T0StockSourceTableViewCell.m; sourceTree = "<group>"; };
		A4B291C41CF2DEE8002CE6B4 /* T0StockSourceTableViewCell.h */ = {isa = PBXFileReference; fileEncoding = 4; lastKnownFileType = sourcecode.c.h; path = T0StockSourceTableViewCell.h; sourceTree = "<group>"; };
		A4B291C51CF2DF6C002CE6B4 /* T0StockSourceAddViewController.h */ = {isa = PBXFileReference; fileEncoding = 4; lastKnownFileType = sourcecode.c.h; path = T0StockSourceAddViewController.h; sourceTree = "<group>"; };
		A4B291C61CF2DF6C002CE6B4 /* T0StockSourceAddViewController.m */ = {isa = PBXFileReference; fileEncoding = 4; lastKnownFileType = sourcecode.c.objc; path = T0StockSourceAddViewController.m; sourceTree = "<group>"; };
		A4B291C71CF2DF6C002CE6B4 /* T0StockSourceCompleteViewController.h */ = {isa = PBXFileReference; fileEncoding = 4; lastKnownFileType = sourcecode.c.h; path = T0StockSourceCompleteViewController.h; sourceTree = "<group>"; };
		A4B291C81CF2DF6C002CE6B4 /* T0StockSourceCompleteViewController.m */ = {isa = PBXFileReference; fileEncoding = 4; lastKnownFileType = sourcecode.c.objc; path = T0StockSourceCompleteViewController.m; sourceTree = "<group>"; };
		A4B291C91CF2DF6C002CE6B4 /* T0StockSourceViewController.h */ = {isa = PBXFileReference; fileEncoding = 4; lastKnownFileType = sourcecode.c.h; path = T0StockSourceViewController.h; sourceTree = "<group>"; };
		A4B291CA1CF2DF6C002CE6B4 /* T0StockSourceViewController.m */ = {isa = PBXFileReference; fileEncoding = 4; lastKnownFileType = sourcecode.c.objc; path = T0StockSourceViewController.m; sourceTree = "<group>"; };
		A4B291CE1CF2DF9B002CE6B4 /* T0StockSourceChooseView.h */ = {isa = PBXFileReference; fileEncoding = 4; lastKnownFileType = sourcecode.c.h; path = T0StockSourceChooseView.h; sourceTree = "<group>"; };
		A4B291CF1CF2DF9B002CE6B4 /* T0StockSourceChooseView.m */ = {isa = PBXFileReference; fileEncoding = 4; lastKnownFileType = sourcecode.c.objc; path = T0StockSourceChooseView.m; sourceTree = "<group>"; };
		A4B291D11CF2E15D002CE6B4 /* T0MySSDataModel.h */ = {isa = PBXFileReference; fileEncoding = 4; lastKnownFileType = sourcecode.c.h; path = T0MySSDataModel.h; sourceTree = "<group>"; };
		A4B291D21CF2E15D002CE6B4 /* T0MySSDataModel.m */ = {isa = PBXFileReference; fileEncoding = 4; lastKnownFileType = sourcecode.c.objc; path = T0MySSDataModel.m; sourceTree = "<group>"; };
		A4B291DE1CF2E232002CE6B4 /* T0SSProgressDataModel.h */ = {isa = PBXFileReference; fileEncoding = 4; lastKnownFileType = sourcecode.c.h; path = T0SSProgressDataModel.h; sourceTree = "<group>"; };
		A4B291DF1CF2E232002CE6B4 /* T0SSProgressDataModel.m */ = {isa = PBXFileReference; fileEncoding = 4; lastKnownFileType = sourcecode.c.objc; path = T0SSProgressDataModel.m; sourceTree = "<group>"; };
		A4B291E11CF2E25A002CE6B4 /* T0ProgressTrackingTableViewCell.h */ = {isa = PBXFileReference; fileEncoding = 4; lastKnownFileType = sourcecode.c.h; path = T0ProgressTrackingTableViewCell.h; sourceTree = "<group>"; };
		A4B291E21CF2E25A002CE6B4 /* T0ProgressTrackingTableViewCell.m */ = {isa = PBXFileReference; fileEncoding = 4; lastKnownFileType = sourcecode.c.objc; path = T0ProgressTrackingTableViewCell.m; sourceTree = "<group>"; };
		A4B291E41CF2E278002CE6B4 /* T0ProgressTrackingViewController.h */ = {isa = PBXFileReference; fileEncoding = 4; lastKnownFileType = sourcecode.c.h; path = T0ProgressTrackingViewController.h; sourceTree = "<group>"; };
		A4B291E51CF2E278002CE6B4 /* T0ProgressTrackingViewController.m */ = {isa = PBXFileReference; fileEncoding = 4; lastKnownFileType = sourcecode.c.objc; path = T0ProgressTrackingViewController.m; sourceTree = "<group>"; };
		A4B291F31CF2E3C9002CE6B4 /* T0MySSViewController.h */ = {isa = PBXFileReference; fileEncoding = 4; lastKnownFileType = sourcecode.c.h; path = T0MySSViewController.h; sourceTree = "<group>"; };
		A4B291F41CF2E3C9002CE6B4 /* T0MySSViewController.m */ = {isa = PBXFileReference; fileEncoding = 4; lastKnownFileType = sourcecode.c.objc; path = T0MySSViewController.m; sourceTree = "<group>"; };
		A4B292111CF2E948002CE6B4 /* T0BalanceDataModel.h */ = {isa = PBXFileReference; fileEncoding = 4; lastKnownFileType = sourcecode.c.h; path = T0BalanceDataModel.h; sourceTree = "<group>"; };
		A4B292121CF2E948002CE6B4 /* T0BalanceDataModel.m */ = {isa = PBXFileReference; fileEncoding = 4; lastKnownFileType = sourcecode.c.objc; path = T0BalanceDataModel.m; sourceTree = "<group>"; };
		A4B292141CF2E959002CE6B4 /* T0BalanceTableViewCell.h */ = {isa = PBXFileReference; fileEncoding = 4; lastKnownFileType = sourcecode.c.h; path = T0BalanceTableViewCell.h; sourceTree = "<group>"; };
		A4B292151CF2E959002CE6B4 /* T0BalanceTableViewCell.m */ = {isa = PBXFileReference; fileEncoding = 4; lastKnownFileType = sourcecode.c.objc; path = T0BalanceTableViewCell.m; sourceTree = "<group>"; };
		A4B292171CF2E973002CE6B4 /* T0BalanceViewController.h */ = {isa = PBXFileReference; fileEncoding = 4; lastKnownFileType = sourcecode.c.h; path = T0BalanceViewController.h; sourceTree = "<group>"; };
		A4B292181CF2E973002CE6B4 /* T0BalanceViewController.m */ = {isa = PBXFileReference; fileEncoding = 4; lastKnownFileType = sourcecode.c.objc; path = T0BalanceViewController.m; sourceTree = "<group>"; };
		A4B2922C1CF2EA5D002CE6B4 /* T0WebViewController.h */ = {isa = PBXFileReference; fileEncoding = 4; lastKnownFileType = sourcecode.c.h; path = T0WebViewController.h; sourceTree = "<group>"; };
		A4B2922D1CF2EA5D002CE6B4 /* T0WebViewController.m */ = {isa = PBXFileReference; fileEncoding = 4; lastKnownFileType = sourcecode.c.objc; path = T0WebViewController.m; sourceTree = "<group>"; };
		A4B2922F1CF2F2D7002CE6B4 /* T0MySSTableViewCell1.h */ = {isa = PBXFileReference; fileEncoding = 4; lastKnownFileType = sourcecode.c.h; path = T0MySSTableViewCell1.h; sourceTree = "<group>"; };
		A4B292301CF2F2D7002CE6B4 /* T0MySSTableViewCell1.m */ = {isa = PBXFileReference; fileEncoding = 4; lastKnownFileType = sourcecode.c.objc; path = T0MySSTableViewCell1.m; sourceTree = "<group>"; };
		A4B292321CF2F2E9002CE6B4 /* T0MySSTableViewCell2.h */ = {isa = PBXFileReference; fileEncoding = 4; lastKnownFileType = sourcecode.c.h; path = T0MySSTableViewCell2.h; sourceTree = "<group>"; };
		A4B292331CF2F2E9002CE6B4 /* T0MySSTableViewCell2.m */ = {isa = PBXFileReference; fileEncoding = 4; lastKnownFileType = sourcecode.c.objc; path = T0MySSTableViewCell2.m; sourceTree = "<group>"; };
		A4B292351CF2F2FA002CE6B4 /* T0MySSTableViewCell3.h */ = {isa = PBXFileReference; fileEncoding = 4; lastKnownFileType = sourcecode.c.h; path = T0MySSTableViewCell3.h; sourceTree = "<group>"; };
		A4B292361CF2F2FA002CE6B4 /* T0MySSTableViewCell3.m */ = {isa = PBXFileReference; fileEncoding = 4; lastKnownFileType = sourcecode.c.objc; path = T0MySSTableViewCell3.m; sourceTree = "<group>"; };
		A4B2923B1CF31AE9002CE6B4 /* Farrington7B_Qiqi.ttf */ = {isa = PBXFileReference; lastKnownFileType = file; path = Farrington7B_Qiqi.ttf; sourceTree = "<group>"; };
		A4B2923E1CF31EBA002CE6B4 /* T0MyBankCardViewController.h */ = {isa = PBXFileReference; fileEncoding = 4; lastKnownFileType = sourcecode.c.h; path = T0MyBankCardViewController.h; sourceTree = "<group>"; };
		A4B2923F1CF31EBA002CE6B4 /* T0MyBankCardViewController.m */ = {isa = PBXFileReference; fileEncoding = 4; lastKnownFileType = sourcecode.c.objc; path = T0MyBankCardViewController.m; sourceTree = "<group>"; };
		CDC1886AF25706AD811A7C91 /* libPods.a */ = {isa = PBXFileReference; explicitFileType = archive.ar; includeInIndex = 0; path = libPods.a; sourceTree = BUILT_PRODUCTS_DIR; };
/* End PBXFileReference section */

/* Begin PBXFrameworksBuildPhase section */
		A4B2912D1CF2AA00002CE6B4 /* Frameworks */ = {
			isa = PBXFrameworksBuildPhase;
			buildActionMask = 2147483647;
			files = (
				0338C782D409247C41E76E59 /* libPods.a in Frameworks */,
			);
			runOnlyForDeploymentPostprocessing = 0;
		};
		A4B291461CF2AA01002CE6B4 /* Frameworks */ = {
			isa = PBXFrameworksBuildPhase;
			buildActionMask = 2147483647;
			files = (
			);
			runOnlyForDeploymentPostprocessing = 0;
		};
		A4B291511CF2AA01002CE6B4 /* Frameworks */ = {
			isa = PBXFrameworksBuildPhase;
			buildActionMask = 2147483647;
			files = (
			);
			runOnlyForDeploymentPostprocessing = 0;
		};
/* End PBXFrameworksBuildPhase section */

/* Begin PBXGroup section */
		0F22E6EA1B950A866135967F /* Pods */ = {
			isa = PBXGroup;
			children = (
				7EDDB6A31C21029F3D27AB78 /* Pods.debug.xcconfig */,
				2A2B895DC58C1FD7C48EA8D7 /* Pods.release.xcconfig */,
			);
			name = Pods;
			sourceTree = "<group>";
		};
		8AD57EEAC48B7C32CC9A4A9D /* Frameworks */ = {
			isa = PBXGroup;
			children = (
				CDC1886AF25706AD811A7C91 /* libPods.a */,
			);
			name = Frameworks;
			sourceTree = "<group>";
		};
		A43741281CFD72250021DABD /* SettleRecord(结算记录) */ = {
			isa = PBXGroup;
			children = (
				A437412B1CFD72640021DABD /* Model(1) */,
				A437412A1CFD725E0021DABD /* View(1) */,
				A43741291CFD72560021DABD /* Controller(2) */,
			);
			name = "SettleRecord(结算记录)";
			sourceTree = "<group>";
		};
		A43741291CFD72560021DABD /* Controller(2) */ = {
			isa = PBXGroup;
			children = (
				A437411F1CFD31190021DABD /* T0SSRecordViewController.h */,
				A43741201CFD31190021DABD /* T0SSRecordViewController.m */,
				A43741221CFD39DD0021DABD /* T0SSReportViewController.h */,
				A43741231CFD39DD0021DABD /* T0SSReportViewController.m */,
				A437412F1CFD773A0021DABD /* T0SSSettleViewController.h */,
				A43741301CFD773A0021DABD /* T0SSSettleViewController.m */,
			);
			name = "Controller(2)";
			sourceTree = "<group>";
		};
		A437412A1CFD725E0021DABD /* View(1) */ = {
			isa = PBXGroup;
			children = (
				A437412C1CFD771F0021DABD /* T0SSSettleTableViewCell.h */,
				A437412D1CFD771F0021DABD /* T0SSSettleTableViewCell.m */,
				A43741251CFD41880021DABD /* T0SSRecordTableViewCell.h */,
				A43741261CFD41880021DABD /* T0SSRecordTableViewCell.m */,
			);
			name = "View(1)";
			sourceTree = "<group>";
		};
		A437412B1CFD72640021DABD /* Model(1) */ = {
			isa = PBXGroup;
			children = (
				A43741431CFD9C0A0021DABD /* T0SettleRecordDataModel.h */,
				A43741441CFD9C0A0021DABD /* T0SettleRecordDataModel.m */,
			);
			name = "Model(1)";
			sourceTree = "<group>";
		};
		A43741321CFD84DF0021DABD /* PasswordManagement(密码管理) */ = {
			isa = PBXGroup;
			children = (
				A43741351CFD850D0021DABD /* Model */,
				A43741341CFD85070021DABD /* View */,
				A43741331CFD84FF0021DABD /* Controller(2) */,
			);
			name = "PasswordManagement(密码管理)";
			sourceTree = "<group>";
		};
		A43741331CFD84FF0021DABD /* Controller(2) */ = {
			isa = PBXGroup;
			children = (
				A43741361CFD88210021DABD /* T0InputPasswordViewController.h */,
				A43741371CFD88210021DABD /* T0InputPasswordViewController.m */,
				A43741391CFD88360021DABD /* T0ShowPasswordViewController.h */,
				A437413A1CFD88360021DABD /* T0ShowPasswordViewController.m */,
			);
			name = "Controller(2)";
			sourceTree = "<group>";
		};
		A43741341CFD85070021DABD /* View */ = {
			isa = PBXGroup;
			children = (
			);
			name = View;
			sourceTree = "<group>";
		};
		A43741351CFD850D0021DABD /* Model */ = {
			isa = PBXGroup;
			children = (
			);
			name = Model;
			sourceTree = "<group>";
		};
		A437413C1CFD93A50021DABD /* RecommendSS(我的推荐) */ = {
			isa = PBXGroup;
			children = (
				A437413F1CFD93CD0021DABD /* Model(1) */,
				A437413E1CFD93C70021DABD /* View */,
				A437413D1CFD93C10021DABD /* Controller */,
			);
			name = "RecommendSS(我的推荐)";
			sourceTree = "<group>";
		};
		A437413D1CFD93C10021DABD /* Controller */ = {
			isa = PBXGroup;
			children = (
			);
			name = Controller;
			sourceTree = "<group>";
		};
		A437413E1CFD93C70021DABD /* View */ = {
			isa = PBXGroup;
			children = (
			);
			name = View;
			sourceTree = "<group>";
		};
		A437413F1CFD93CD0021DABD /* Model(1) */ = {
			isa = PBXGroup;
			children = (
				A43741401CFD943F0021DABD /* T0RecommendSSDataModel.h */,
				A43741411CFD943F0021DABD /* T0RecommendSSDataModel.m */,
			);
			name = "Model(1)";
			sourceTree = "<group>";
		};
		A4B291271CF2AA00002CE6B4 = {
			isa = PBXGroup;
			children = (
				A4B291321CF2AA00002CE6B4 /* ZhuanTou_T0 */,
				A4B2914C1CF2AA01002CE6B4 /* ZhuanTou_T0Tests */,
				A4B291571CF2AA01002CE6B4 /* ZhuanTou_T0UITests */,
				A4B291311CF2AA00002CE6B4 /* Products */,
				0F22E6EA1B950A866135967F /* Pods */,
				8AD57EEAC48B7C32CC9A4A9D /* Frameworks */,
			);
			sourceTree = "<group>";
		};
		A4B291311CF2AA00002CE6B4 /* Products */ = {
			isa = PBXGroup;
			children = (
				A4B291301CF2AA00002CE6B4 /* ZhuanTou_T0.app */,
				A4B291491CF2AA01002CE6B4 /* ZhuanTou_T0Tests.xctest */,
				A4B291541CF2AA01002CE6B4 /* ZhuanTou_T0UITests.xctest */,
			);
			name = Products;
			sourceTree = "<group>";
		};
		A4B291321CF2AA00002CE6B4 /* ZhuanTou_T0 */ = {
			isa = PBXGroup;
			children = (
				A4B291661CF2ABC0002CE6B4 /* AppDelegate */,
				A4B2916C1CF2D0C2002CE6B4 /* Base(全局) */,
				A4B292061CF2E81D002CE6B4 /* HomePage(首页) */,
				A4B291AB1CF2DD68002CE6B4 /* UserCenter(个人中心) */,
				A4B292051CF2E806002CE6B4 /* Balance(佣金余额) */,
				A4B292071CF2E843002CE6B4 /* BankCard(银行卡) */,
				A4B291A91CF2DCDA002CE6B4 /* StockSource(申报券源) */,
				A437413C1CFD93A50021DABD /* RecommendSS(我的推荐) */,
				A4B291AA1CF2DCEF002CE6B4 /* MyStockSource(我的券源) */,
				A43741281CFD72250021DABD /* SettleRecord(结算记录) */,
				A43741321CFD84DF0021DABD /* PasswordManagement(密码管理) */,
				A4B291DA1CF2E1CF002CE6B4 /* ProgressTrack(进度追踪) */,
				A4B2916B1CF2D0BB002CE6B4 /* Register(注册) */,
				A4B2916A1CF2D0B3002CE6B4 /* Login(登录) */,
				A4B291691CF2D0AA002CE6B4 /* Launch(启动) */,
				A4B2913C1CF2AA00002CE6B4 /* Main.storyboard */,
				A4B2913F1CF2AA00002CE6B4 /* Assets.xcassets */,
				A4B291411CF2AA00002CE6B4 /* LaunchScreen.storyboard */,
				A4B2923A1CF31AAF002CE6B4 /* Font */,
				A4B291331CF2AA00002CE6B4 /* Supporting Files */,
			);
			path = ZhuanTou_T0;
			sourceTree = "<group>";
		};
		A4B291331CF2AA00002CE6B4 /* Supporting Files */ = {
			isa = PBXGroup;
			children = (
				A4B291441CF2AA00002CE6B4 /* Info.plist */,
				A4B291341CF2AA00002CE6B4 /* main.m */,
				A4B291671CF2CE9F002CE6B4 /* Const.h */,
				A4B291681CF2CEB1002CE6B4 /* PrefixHeader.pch */,
			);
			name = "Supporting Files";
			sourceTree = "<group>";
		};
		A4B2914C1CF2AA01002CE6B4 /* ZhuanTou_T0Tests */ = {
			isa = PBXGroup;
			children = (
				A4B2914D1CF2AA01002CE6B4 /* ZhuanTou_T0Tests.m */,
				A4B2914F1CF2AA01002CE6B4 /* Info.plist */,
			);
			path = ZhuanTou_T0Tests;
			sourceTree = "<group>";
		};
		A4B291571CF2AA01002CE6B4 /* ZhuanTou_T0UITests */ = {
			isa = PBXGroup;
			children = (
				A4B291581CF2AA01002CE6B4 /* ZhuanTou_T0UITests.m */,
				A4B2915A1CF2AA01002CE6B4 /* Info.plist */,
			);
			path = ZhuanTou_T0UITests;
			sourceTree = "<group>";
		};
		A4B291661CF2ABC0002CE6B4 /* AppDelegate */ = {
			isa = PBXGroup;
			children = (
				A4B291361CF2AA00002CE6B4 /* AppDelegate.h */,
				A4B291371CF2AA00002CE6B4 /* AppDelegate.m */,
			);
			name = AppDelegate;
			sourceTree = "<group>";
		};
		A4B291691CF2D0AA002CE6B4 /* Launch(启动) */ = {
			isa = PBXGroup;
			children = (
				A4B2918E1CF2D584002CE6B4 /* T0LaunchViewController.h */,
				A4B2918F1CF2D584002CE6B4 /* T0LaunchViewController.m */,
			);
			name = "Launch(启动)";
			sourceTree = "<group>";
		};
		A4B2916A1CF2D0B3002CE6B4 /* Login(登录) */ = {
			isa = PBXGroup;
			children = (
				A4B2916F1CF2D10B002CE6B4 /* Model(1) */,
				A4B2916E1CF2D104002CE6B4 /* View(0) */,
				A4B2916D1CF2D0F3002CE6B4 /* Controller(2) */,
			);
			name = "Login(登录)";
			sourceTree = "<group>";
		};
		A4B2916B1CF2D0BB002CE6B4 /* Register(注册) */ = {
			isa = PBXGroup;
			children = (
				A4B291721CF2D125002CE6B4 /* Model(1) */,
				A4B291711CF2D11D002CE6B4 /* View(0) */,
				A4B291701CF2D116002CE6B4 /* Controller(4) */,
			);
			name = "Register(注册)";
			sourceTree = "<group>";
		};
		A4B2916C1CF2D0C2002CE6B4 /* Base(全局) */ = {
			isa = PBXGroup;
			children = (
				A4B291751CF2D144002CE6B4 /* Model(4) */,
				A4B291741CF2D13F002CE6B4 /* View(3) */,
				A4B291731CF2D138002CE6B4 /* Controller(2) */,
			);
			name = "Base(全局)";
			sourceTree = "<group>";
		};
		A4B2916D1CF2D0F3002CE6B4 /* Controller(2) */ = {
			isa = PBXGroup;
			children = (
				A4B291941CF2D700002CE6B4 /* T0LoginMobileViewController.h */,
				A4B291951CF2D700002CE6B4 /* T0LoginMobileViewController.m */,
				A4B291961CF2D700002CE6B4 /* T0LoginPasswordViewController.h */,
				A4B291971CF2D700002CE6B4 /* T0LoginPasswordViewController.m */,
			);
			name = "Controller(2)";
			sourceTree = "<group>";
		};
		A4B2916E1CF2D104002CE6B4 /* View(0) */ = {
			isa = PBXGroup;
			children = (
			);
			name = "View(0)";
			sourceTree = "<group>";
		};
		A4B2916F1CF2D10B002CE6B4 /* Model(1) */ = {
			isa = PBXGroup;
			children = (
				A4B291911CF2D6D7002CE6B4 /* T0LoginDataModel.h */,
				A4B291921CF2D6D7002CE6B4 /* T0LoginDataModel.m */,
			);
			name = "Model(1)";
			sourceTree = "<group>";
		};
		A4B291701CF2D116002CE6B4 /* Controller(4) */ = {
			isa = PBXGroup;
			children = (
				A4B2919D1CF2DA47002CE6B4 /* T0RegisterMobileViewController.h */,
				A4B2919E1CF2DA47002CE6B4 /* T0RegisterMobileViewController.m */,
				A4B2919F1CF2DA47002CE6B4 /* T0RegisterPasswordViewController.h */,
				A4B291A01CF2DA47002CE6B4 /* T0RegisterPasswordViewController.m */,
				A4B291A11CF2DA47002CE6B4 /* T0RegisterSmsCodeViewController.h */,
				A4B291A21CF2DA47002CE6B4 /* T0RegisterSmsCodeViewController.m */,
				A4B291A31CF2DA47002CE6B4 /* T0RegisterSuccessViewController.h */,
				A4B291A41CF2DA47002CE6B4 /* T0RegisterSuccessViewController.m */,
			);
			name = "Controller(4)";
			sourceTree = "<group>";
		};
		A4B291711CF2D11D002CE6B4 /* View(0) */ = {
			isa = PBXGroup;
			children = (
			);
			name = "View(0)";
			sourceTree = "<group>";
		};
		A4B291721CF2D125002CE6B4 /* Model(1) */ = {
			isa = PBXGroup;
			children = (
				A4B2919A1CF2DA2F002CE6B4 /* T0RegisterDataModel.h */,
				A4B2919B1CF2DA2F002CE6B4 /* T0RegisterDataModel.m */,
			);
			name = "Model(1)";
			sourceTree = "<group>";
		};
		A4B291731CF2D138002CE6B4 /* Controller(2) */ = {
			isa = PBXGroup;
			children = (
				A4B291851CF2D48B002CE6B4 /* T0BaseViewController.h */,
				A4B291861CF2D48B002CE6B4 /* T0BaseViewController.m */,
				A4B291871CF2D48B002CE6B4 /* T0NavigationController.h */,
				A4B291881CF2D48B002CE6B4 /* T0NavigationController.m */,
				A4B2922C1CF2EA5D002CE6B4 /* T0WebViewController.h */,
				A4B2922D1CF2EA5D002CE6B4 /* T0WebViewController.m */,
			);
			name = "Controller(2)";
			sourceTree = "<group>";
		};
		A4B291741CF2D13F002CE6B4 /* View(3) */ = {
			isa = PBXGroup;
			children = (
				A4B2917F1CF2D465002CE6B4 /* T0BorderedButton.h */,
				A4B291801CF2D465002CE6B4 /* T0BorderedButton.m */,
				A4B291811CF2D465002CE6B4 /* T0SmartPlaceholderTextField.h */,
				A4B291821CF2D465002CE6B4 /* T0SmartPlaceholderTextField.m */,
				A437411C1CFC4BDA0021DABD /* T0LineChartView.h */,
				A437411D1CFC4BDA0021DABD /* T0LineChartView.m */,
			);
			name = "View(3)";
			sourceTree = "<group>";
		};
		A4B291751CF2D144002CE6B4 /* Model(4) */ = {
			isa = PBXGroup;
			children = (
				A4B291761CF2D411002CE6B4 /* T0Animator.h */,
				A4B291771CF2D411002CE6B4 /* T0Animator.m */,
				A4B2918B1CF2D526002CE6B4 /* T0BaseModel.h */,
				A4B2918C1CF2D526002CE6B4 /* T0BaseModel.m */,
				A4B291781CF2D411002CE6B4 /* T0BaseFunction.h */,
				A4B2917A1CF2D42A002CE6B4 /* T0BaseFunction.m */,
				A4B2917B1CF2D42A002CE6B4 /* T0ButtonOnlyEngine.h */,
				A4B2917C1CF2D42A002CE6B4 /* T0ButtonOnlyEngine.m */,
			);
			name = "Model(4)";
			sourceTree = "<group>";
		};
		A4B291A91CF2DCDA002CE6B4 /* StockSource(申报券源) */ = {
			isa = PBXGroup;
			children = (
				A4B291AE1CF2DD91002CE6B4 /* Model(2) */,
				A4B291AD1CF2DD8B002CE6B4 /* View(4) */,
				A4B291AC1CF2DD83002CE6B4 /* Controller(3) */,
			);
			name = "StockSource(申报券源)";
			sourceTree = "<group>";
		};
		A4B291AA1CF2DCEF002CE6B4 /* MyStockSource(我的券源) */ = {
			isa = PBXGroup;
			children = (
				A4B291B11CF2DDA7002CE6B4 /* Model(1) */,
				A4B291B01CF2DDA1002CE6B4 /* View(5) */,
				A4B291AF1CF2DD99002CE6B4 /* Controller(2) */,
			);
			name = "MyStockSource(我的券源)";
			sourceTree = "<group>";
		};
		A4B291AB1CF2DD68002CE6B4 /* UserCenter(个人中心) */ = {
			isa = PBXGroup;
			children = (
				A4B291B41CF2DDB9002CE6B4 /* Model(1) */,
				A4B291B31CF2DDB4002CE6B4 /* View(2) */,
				A4B291B21CF2DDAE002CE6B4 /* Controller(1) */,
			);
			name = "UserCenter(个人中心)";
			sourceTree = "<group>";
		};
		A4B291AC1CF2DD83002CE6B4 /* Controller(3) */ = {
			isa = PBXGroup;
			children = (
				A4B291C51CF2DF6C002CE6B4 /* T0StockSourceAddViewController.h */,
				A4B291C61CF2DF6C002CE6B4 /* T0StockSourceAddViewController.m */,
				A4B291C71CF2DF6C002CE6B4 /* T0StockSourceCompleteViewController.h */,
				A4B291C81CF2DF6C002CE6B4 /* T0StockSourceCompleteViewController.m */,
				A4B291C91CF2DF6C002CE6B4 /* T0StockSourceViewController.h */,
				A4B291CA1CF2DF6C002CE6B4 /* T0StockSourceViewController.m */,
			);
			name = "Controller(3)";
			sourceTree = "<group>";
		};
		A4B291AD1CF2DD8B002CE6B4 /* View(4) */ = {
			isa = PBXGroup;
			children = (
				A4B291BB1CF2DE88002CE6B4 /* T0ChooseListView.h */,
				A4B291BC1CF2DE88002CE6B4 /* T0ChooseListView.m */,
				A4B291BD1CF2DE88002CE6B4 /* T0StockSourceButtonTableViewCell.h */,
				A4B291BE1CF2DE88002CE6B4 /* T0StockSourceButtonTableViewCell.m */,
				A4B291C41CF2DEE8002CE6B4 /* T0StockSourceTableViewCell.h */,
				A4B291BF1CF2DE88002CE6B4 /* T0StockSourceTableViewCell.m */,
				A4B291CE1CF2DF9B002CE6B4 /* T0StockSourceChooseView.h */,
				A4B291CF1CF2DF9B002CE6B4 /* T0StockSourceChooseView.m */,
			);
			name = "View(4)";
			sourceTree = "<group>";
		};
		A4B291AE1CF2DD91002CE6B4 /* Model(2) */ = {
			isa = PBXGroup;
			children = (
				A4B291B51CF2DE05002CE6B4 /* T0StockDataModel.h */,
				A4B291B61CF2DE05002CE6B4 /* T0StockDataModel.m */,
				A4B291B81CF2DE25002CE6B4 /* T0SearchEngine.h */,
				A4B291B91CF2DE25002CE6B4 /* T0SearchEngine.m */,
			);
			name = "Model(2)";
			sourceTree = "<group>";
		};
		A4B291AF1CF2DD99002CE6B4 /* Controller(2) */ = {
			isa = PBXGroup;
			children = (
				A4B291F31CF2E3C9002CE6B4 /* T0MySSViewController.h */,
				A4B291F41CF2E3C9002CE6B4 /* T0MySSViewController.m */,
				A43741191CFC22B00021DABD /* T0SSDetailViewController.h */,
				A437411A1CFC22B00021DABD /* T0SSDetailViewController.m */,
			);
			name = "Controller(2)";
			sourceTree = "<group>";
		};
		A4B291B01CF2DDA1002CE6B4 /* View(5) */ = {
			isa = PBXGroup;
			children = (
				A4B2922F1CF2F2D7002CE6B4 /* T0MySSTableViewCell1.h */,
				A4B292301CF2F2D7002CE6B4 /* T0MySSTableViewCell1.m */,
				A4B292321CF2F2E9002CE6B4 /* T0MySSTableViewCell2.h */,
				A4B292331CF2F2E9002CE6B4 /* T0MySSTableViewCell2.m */,
				A4B292351CF2F2FA002CE6B4 /* T0MySSTableViewCell3.h */,
				A4B292361CF2F2FA002CE6B4 /* T0MySSTableViewCell3.m */,
				A43741161CFC22920021DABD /* T0SSDetailTableViewCell.h */,
				A43741171CFC22920021DABD /* T0SSDetailTableViewCell.m */,
			);
			name = "View(5)";
			sourceTree = "<group>";
		};
		A4B291B11CF2DDA7002CE6B4 /* Model(1) */ = {
			isa = PBXGroup;
			children = (
				A4B291D11CF2E15D002CE6B4 /* T0MySSDataModel.h */,
				A4B291D21CF2E15D002CE6B4 /* T0MySSDataModel.m */,
			);
			name = "Model(1)";
			sourceTree = "<group>";
		};
		A4B291B21CF2DDAE002CE6B4 /* Controller(1) */ = {
			isa = PBXGroup;
			children = (
			);
			name = "Controller(1)";
			sourceTree = "<group>";
		};
		A4B291B31CF2DDB4002CE6B4 /* View(2) */ = {
			isa = PBXGroup;
			children = (
			);
			name = "View(2)";
			sourceTree = "<group>";
		};
		A4B291B41CF2DDB9002CE6B4 /* Model(1) */ = {
			isa = PBXGroup;
			children = (
			);
			name = "Model(1)";
			sourceTree = "<group>";
		};
		A4B291DA1CF2E1CF002CE6B4 /* ProgressTrack(进度追踪) */ = {
			isa = PBXGroup;
			children = (
				A4B291DD1CF2E1F0002CE6B4 /* Model(1) */,
				A4B291DC1CF2E1EA002CE6B4 /* View(1) */,
				A4B291DB1CF2E1E4002CE6B4 /* Controller(1) */,
			);
			name = "ProgressTrack(进度追踪)";
			sourceTree = "<group>";
		};
		A4B291DB1CF2E1E4002CE6B4 /* Controller(1) */ = {
			isa = PBXGroup;
			children = (
				A4B291E41CF2E278002CE6B4 /* T0ProgressTrackingViewController.h */,
				A4B291E51CF2E278002CE6B4 /* T0ProgressTrackingViewController.m */,
			);
			name = "Controller(1)";
			sourceTree = "<group>";
		};
		A4B291DC1CF2E1EA002CE6B4 /* View(1) */ = {
			isa = PBXGroup;
			children = (
				A4B291E11CF2E25A002CE6B4 /* T0ProgressTrackingTableViewCell.h */,
				A4B291E21CF2E25A002CE6B4 /* T0ProgressTrackingTableViewCell.m */,
			);
			name = "View(1)";
			sourceTree = "<group>";
		};
		A4B291DD1CF2E1F0002CE6B4 /* Model(1) */ = {
			isa = PBXGroup;
			children = (
				A4B291DE1CF2E232002CE6B4 /* T0SSProgressDataModel.h */,
				A4B291DF1CF2E232002CE6B4 /* T0SSProgressDataModel.m */,
			);
			name = "Model(1)";
			sourceTree = "<group>";
		};
		A4B292051CF2E806002CE6B4 /* Balance(佣金余额) */ = {
			isa = PBXGroup;
			children = (
				A4B2920A1CF2E86E002CE6B4 /* Model(1) */,
				A4B292091CF2E869002CE6B4 /* View(1) */,
				A4B292081CF2E862002CE6B4 /* Controller(1) */,
			);
			name = "Balance(佣金余额)";
			sourceTree = "<group>";
		};
		A4B292061CF2E81D002CE6B4 /* HomePage(首页) */ = {
			isa = PBXGroup;
			children = (
				A4B292101CF2E899002CE6B4 /* Model */,
				A4B2920F1CF2E890002CE6B4 /* View */,
				A4B2920E1CF2E889002CE6B4 /* Controller(1) */,
			);
			name = "HomePage(首页)";
			sourceTree = "<group>";
		};
		A4B292071CF2E843002CE6B4 /* BankCard(银行卡) */ = {
			isa = PBXGroup;
			children = (
				A4B2920D1CF2E882002CE6B4 /* Model */,
				A4B2920C1CF2E87C002CE6B4 /* View */,
				A4B2920B1CF2E876002CE6B4 /* Controller */,
			);
			name = "BankCard(银行卡)";
			sourceTree = "<group>";
		};
		A4B292081CF2E862002CE6B4 /* Controller(1) */ = {
			isa = PBXGroup;
			children = (
				A4B292171CF2E973002CE6B4 /* T0BalanceViewController.h */,
				A4B292181CF2E973002CE6B4 /* T0BalanceViewController.m */,
			);
			name = "Controller(1)";
			sourceTree = "<group>";
		};
		A4B292091CF2E869002CE6B4 /* View(1) */ = {
			isa = PBXGroup;
			children = (
				A4B292141CF2E959002CE6B4 /* T0BalanceTableViewCell.h */,
				A4B292151CF2E959002CE6B4 /* T0BalanceTableViewCell.m */,
			);
			name = "View(1)";
			sourceTree = "<group>";
		};
		A4B2920A1CF2E86E002CE6B4 /* Model(1) */ = {
			isa = PBXGroup;
			children = (
				A4B292111CF2E948002CE6B4 /* T0BalanceDataModel.h */,
				A4B292121CF2E948002CE6B4 /* T0BalanceDataModel.m */,
			);
			name = "Model(1)";
			sourceTree = "<group>";
		};
		A4B2920B1CF2E876002CE6B4 /* Controller */ = {
			isa = PBXGroup;
			children = (
				A4B2923E1CF31EBA002CE6B4 /* T0MyBankCardViewController.h */,
				A4B2923F1CF31EBA002CE6B4 /* T0MyBankCardViewController.m */,
				A437410D1CF41E8D0021DABD /* T0AddBankCardViewController.h */,
				A437410E1CF41E8D0021DABD /* T0AddBankCardViewController.m */,
			);
			name = Controller;
			sourceTree = "<group>";
		};
		A4B2920C1CF2E87C002CE6B4 /* View */ = {
			isa = PBXGroup;
			children = (
			);
			name = View;
			sourceTree = "<group>";
		};
		A4B2920D1CF2E882002CE6B4 /* Model */ = {
			isa = PBXGroup;
			children = (
			);
			name = Model;
			sourceTree = "<group>";
		};
		A4B2920E1CF2E889002CE6B4 /* Controller(1) */ = {
			isa = PBXGroup;
			children = (
				A43741101CF7FECB0021DABD /* T0HomeViewController.h */,
				A43741111CF7FECB0021DABD /* T0HomeViewController.m */,
			);
			name = "Controller(1)";
			sourceTree = "<group>";
		};
		A4B2920F1CF2E890002CE6B4 /* View */ = {
			isa = PBXGroup;
			children = (
			);
			name = View;
			sourceTree = "<group>";
		};
		A4B292101CF2E899002CE6B4 /* Model */ = {
			isa = PBXGroup;
			children = (
			);
			name = Model;
			sourceTree = "<group>";
		};
		A4B2923A1CF31AAF002CE6B4 /* Font */ = {
			isa = PBXGroup;
			children = (
				A4B2923B1CF31AE9002CE6B4 /* Farrington7B_Qiqi.ttf */,
			);
			name = Font;
			sourceTree = "<group>";
		};
/* End PBXGroup section */

/* Begin PBXNativeTarget section */
		A4B2912F1CF2AA00002CE6B4 /* ZhuanTou_T0 */ = {
			isa = PBXNativeTarget;
			buildConfigurationList = A4B2915D1CF2AA01002CE6B4 /* Build configuration list for PBXNativeTarget "ZhuanTou_T0" */;
			buildPhases = (
				ABDF3C6F72ECB7E4C50D464F /* Check Pods Manifest.lock */,
				A4B2912C1CF2AA00002CE6B4 /* Sources */,
				A4B2912D1CF2AA00002CE6B4 /* Frameworks */,
				A4B2912E1CF2AA00002CE6B4 /* Resources */,
				813897B224F34EC02D8DFAE5 /* Embed Pods Frameworks */,
				DB760AC114FAB55824241F4B /* Copy Pods Resources */,
			);
			buildRules = (
			);
			dependencies = (
			);
			name = ZhuanTou_T0;
			productName = ZhuanTou_T0;
			productReference = A4B291301CF2AA00002CE6B4 /* ZhuanTou_T0.app */;
			productType = "com.apple.product-type.application";
		};
		A4B291481CF2AA01002CE6B4 /* ZhuanTou_T0Tests */ = {
			isa = PBXNativeTarget;
			buildConfigurationList = A4B291601CF2AA01002CE6B4 /* Build configuration list for PBXNativeTarget "ZhuanTou_T0Tests" */;
			buildPhases = (
				A4B291451CF2AA01002CE6B4 /* Sources */,
				A4B291461CF2AA01002CE6B4 /* Frameworks */,
				A4B291471CF2AA01002CE6B4 /* Resources */,
			);
			buildRules = (
			);
			dependencies = (
				A4B2914B1CF2AA01002CE6B4 /* PBXTargetDependency */,
			);
			name = ZhuanTou_T0Tests;
			productName = ZhuanTou_T0Tests;
			productReference = A4B291491CF2AA01002CE6B4 /* ZhuanTou_T0Tests.xctest */;
			productType = "com.apple.product-type.bundle.unit-test";
		};
		A4B291531CF2AA01002CE6B4 /* ZhuanTou_T0UITests */ = {
			isa = PBXNativeTarget;
			buildConfigurationList = A4B291631CF2AA01002CE6B4 /* Build configuration list for PBXNativeTarget "ZhuanTou_T0UITests" */;
			buildPhases = (
				A4B291501CF2AA01002CE6B4 /* Sources */,
				A4B291511CF2AA01002CE6B4 /* Frameworks */,
				A4B291521CF2AA01002CE6B4 /* Resources */,
			);
			buildRules = (
			);
			dependencies = (
				A4B291561CF2AA01002CE6B4 /* PBXTargetDependency */,
			);
			name = ZhuanTou_T0UITests;
			productName = ZhuanTou_T0UITests;
			productReference = A4B291541CF2AA01002CE6B4 /* ZhuanTou_T0UITests.xctest */;
			productType = "com.apple.product-type.bundle.ui-testing";
		};
/* End PBXNativeTarget section */

/* Begin PBXProject section */
		A4B291281CF2AA00002CE6B4 /* Project object */ = {
			isa = PBXProject;
			attributes = {
				LastUpgradeCheck = 0730;
				ORGANIZATIONNAME = "Shanghai Momu";
				TargetAttributes = {
					A4B2912F1CF2AA00002CE6B4 = {
						CreatedOnToolsVersion = 7.3.1;
					};
					A4B291481CF2AA01002CE6B4 = {
						CreatedOnToolsVersion = 7.3.1;
						TestTargetID = A4B2912F1CF2AA00002CE6B4;
					};
					A4B291531CF2AA01002CE6B4 = {
						CreatedOnToolsVersion = 7.3.1;
						TestTargetID = A4B2912F1CF2AA00002CE6B4;
					};
				};
			};
			buildConfigurationList = A4B2912B1CF2AA00002CE6B4 /* Build configuration list for PBXProject "ZhuanTou_T0" */;
			compatibilityVersion = "Xcode 3.2";
			developmentRegion = English;
			hasScannedForEncodings = 0;
			knownRegions = (
				en,
				Base,
			);
			mainGroup = A4B291271CF2AA00002CE6B4;
			productRefGroup = A4B291311CF2AA00002CE6B4 /* Products */;
			projectDirPath = "";
			projectRoot = "";
			targets = (
				A4B2912F1CF2AA00002CE6B4 /* ZhuanTou_T0 */,
				A4B291481CF2AA01002CE6B4 /* ZhuanTou_T0Tests */,
				A4B291531CF2AA01002CE6B4 /* ZhuanTou_T0UITests */,
			);
		};
/* End PBXProject section */

/* Begin PBXResourcesBuildPhase section */
		A4B2912E1CF2AA00002CE6B4 /* Resources */ = {
			isa = PBXResourcesBuildPhase;
			buildActionMask = 2147483647;
			files = (
				A4B291431CF2AA00002CE6B4 /* LaunchScreen.storyboard in Resources */,
				A4B291401CF2AA00002CE6B4 /* Assets.xcassets in Resources */,
				A4B2913E1CF2AA00002CE6B4 /* Main.storyboard in Resources */,
				A4B2923C1CF31AE9002CE6B4 /* Farrington7B_Qiqi.ttf in Resources */,
			);
			runOnlyForDeploymentPostprocessing = 0;
		};
		A4B291471CF2AA01002CE6B4 /* Resources */ = {
			isa = PBXResourcesBuildPhase;
			buildActionMask = 2147483647;
			files = (
			);
			runOnlyForDeploymentPostprocessing = 0;
		};
		A4B291521CF2AA01002CE6B4 /* Resources */ = {
			isa = PBXResourcesBuildPhase;
			buildActionMask = 2147483647;
			files = (
			);
			runOnlyForDeploymentPostprocessing = 0;
		};
/* End PBXResourcesBuildPhase section */

/* Begin PBXShellScriptBuildPhase section */
		813897B224F34EC02D8DFAE5 /* Embed Pods Frameworks */ = {
			isa = PBXShellScriptBuildPhase;
			buildActionMask = 2147483647;
			files = (
			);
			inputPaths = (
			);
			name = "Embed Pods Frameworks";
			outputPaths = (
			);
			runOnlyForDeploymentPostprocessing = 0;
			shellPath = /bin/sh;
			shellScript = "\"${SRCROOT}/Pods/Target Support Files/Pods/Pods-frameworks.sh\"\n";
			showEnvVarsInLog = 0;
		};
		ABDF3C6F72ECB7E4C50D464F /* Check Pods Manifest.lock */ = {
			isa = PBXShellScriptBuildPhase;
			buildActionMask = 2147483647;
			files = (
			);
			inputPaths = (
			);
			name = "Check Pods Manifest.lock";
			outputPaths = (
			);
			runOnlyForDeploymentPostprocessing = 0;
			shellPath = /bin/sh;
			shellScript = "diff \"${PODS_ROOT}/../Podfile.lock\" \"${PODS_ROOT}/Manifest.lock\" > /dev/null\nif [[ $? != 0 ]] ; then\n    cat << EOM\nerror: The sandbox is not in sync with the Podfile.lock. Run 'pod install' or update your CocoaPods installation.\nEOM\n    exit 1\nfi\n";
			showEnvVarsInLog = 0;
		};
		DB760AC114FAB55824241F4B /* Copy Pods Resources */ = {
			isa = PBXShellScriptBuildPhase;
			buildActionMask = 2147483647;
			files = (
			);
			inputPaths = (
			);
			name = "Copy Pods Resources";
			outputPaths = (
			);
			runOnlyForDeploymentPostprocessing = 0;
			shellPath = /bin/sh;
			shellScript = "\"${SRCROOT}/Pods/Target Support Files/Pods/Pods-resources.sh\"\n";
			showEnvVarsInLog = 0;
		};
/* End PBXShellScriptBuildPhase section */

/* Begin PBXSourcesBuildPhase section */
		A4B2912C1CF2AA00002CE6B4 /* Sources */ = {
			isa = PBXSourcesBuildPhase;
			buildActionMask = 2147483647;
			files = (
				A437410F1CF41E8D0021DABD /* T0AddBankCardViewController.m in Sources */,
				A4B291D31CF2E15D002CE6B4 /* T0MySSDataModel.m in Sources */,
				A4B291831CF2D465002CE6B4 /* T0BorderedButton.m in Sources */,
				A4B291C31CF2DE88002CE6B4 /* T0StockSourceTableViewCell.m in Sources */,
				A4B291D01CF2DF9B002CE6B4 /* T0StockSourceChooseView.m in Sources */,
				A4B291C21CF2DE88002CE6B4 /* T0StockSourceButtonTableViewCell.m in Sources */,
				A43741421CFD943F0021DABD /* T0RecommendSSDataModel.m in Sources */,
				A4B291381CF2AA00002CE6B4 /* AppDelegate.m in Sources */,
				A4B292131CF2E948002CE6B4 /* T0BalanceDataModel.m in Sources */,
				A4B2922E1CF2EA5D002CE6B4 /* T0WebViewController.m in Sources */,
				A4B291B71CF2DE05002CE6B4 /* T0StockDataModel.m in Sources */,
				A437412E1CFD771F0021DABD /* T0SSSettleTableViewCell.m in Sources */,
				A4B291CD1CF2DF6C002CE6B4 /* T0StockSourceViewController.m in Sources */,
				A4B291E01CF2E232002CE6B4 /* T0SSProgressDataModel.m in Sources */,
				A4B291C11CF2DE88002CE6B4 /* T0ChooseListView.m in Sources */,
				A4B292371CF2F2FA002CE6B4 /* T0MySSTableViewCell3.m in Sources */,
				A4B292341CF2F2E9002CE6B4 /* T0MySSTableViewCell2.m in Sources */,
				A4B291E61CF2E278002CE6B4 /* T0ProgressTrackingViewController.m in Sources */,
				A4B291A61CF2DA47002CE6B4 /* T0RegisterPasswordViewController.m in Sources */,
				A4B291A51CF2DA47002CE6B4 /* T0RegisterMobileViewController.m in Sources */,
				A4B2918A1CF2D48B002CE6B4 /* T0NavigationController.m in Sources */,
				A43741121CF7FECB0021DABD /* T0HomeViewController.m in Sources */,
				A4B291931CF2D6D7002CE6B4 /* T0LoginDataModel.m in Sources */,
				A4B291841CF2D465002CE6B4 /* T0SmartPlaceholderTextField.m in Sources */,
				A43741271CFD41880021DABD /* T0SSRecordTableViewCell.m in Sources */,
				A4B292311CF2F2D7002CE6B4 /* T0MySSTableViewCell1.m in Sources */,
				A4B291A81CF2DA47002CE6B4 /* T0RegisterSuccessViewController.m in Sources */,
				A437411B1CFC22B00021DABD /* T0SSDetailViewController.m in Sources */,
				A4B291991CF2D700002CE6B4 /* T0LoginPasswordViewController.m in Sources */,
				A43741381CFD88210021DABD /* T0InputPasswordViewController.m in Sources */,
				A437413B1CFD88360021DABD /* T0ShowPasswordViewController.m in Sources */,
				A4B291A71CF2DA47002CE6B4 /* T0RegisterSmsCodeViewController.m in Sources */,
				A4B291F71CF2E3C9002CE6B4 /* T0MySSViewController.m in Sources */,
				A4B291CB1CF2DF6C002CE6B4 /* T0StockSourceAddViewController.m in Sources */,
				A4B292191CF2E973002CE6B4 /* T0BalanceViewController.m in Sources */,
				A4B2918D1CF2D526002CE6B4 /* T0BaseModel.m in Sources */,
				A4B292161CF2E959002CE6B4 /* T0BalanceTableViewCell.m in Sources */,
				A43741451CFD9C0A0021DABD /* T0SettleRecordDataModel.m in Sources */,
				A4B291351CF2AA00002CE6B4 /* main.m in Sources */,
				A4B291901CF2D584002CE6B4 /* T0LaunchViewController.m in Sources */,
				A4B2917E1CF2D42A002CE6B4 /* T0ButtonOnlyEngine.m in Sources */,
				A4B291891CF2D48B002CE6B4 /* T0BaseViewController.m in Sources */,
				A4B291E31CF2E25A002CE6B4 /* T0ProgressTrackingTableViewCell.m in Sources */,
				A4B2917D1CF2D42A002CE6B4 /* T0BaseFunction.m in Sources */,
				A4B291BA1CF2DE25002CE6B4 /* T0SearchEngine.m in Sources */,
				A4B2919C1CF2DA2F002CE6B4 /* T0RegisterDataModel.m in Sources */,
				A43741211CFD31190021DABD /* T0SSRecordViewController.m in Sources */,
				A43741311CFD773A0021DABD /* T0SSSettleViewController.m in Sources */,
				A4B291981CF2D700002CE6B4 /* T0LoginMobileViewController.m in Sources */,
				A43741241CFD39DD0021DABD /* T0SSReportViewController.m in Sources */,
				A437411E1CFC4BDA0021DABD /* T0LineChartView.m in Sources */,
				A43741181CFC22920021DABD /* T0SSDetailTableViewCell.m in Sources */,
				A4B291791CF2D411002CE6B4 /* T0Animator.m in Sources */,
				A4B292401CF31EBA002CE6B4 /* T0MyBankCardViewController.m in Sources */,
				A4B291CC1CF2DF6C002CE6B4 /* T0StockSourceCompleteViewController.m in Sources */,
			);
			runOnlyForDeploymentPostprocessing = 0;
		};
		A4B291451CF2AA01002CE6B4 /* Sources */ = {
			isa = PBXSourcesBuildPhase;
			buildActionMask = 2147483647;
			files = (
				A4B2914E1CF2AA01002CE6B4 /* ZhuanTou_T0Tests.m in Sources */,
			);
			runOnlyForDeploymentPostprocessing = 0;
		};
		A4B291501CF2AA01002CE6B4 /* Sources */ = {
			isa = PBXSourcesBuildPhase;
			buildActionMask = 2147483647;
			files = (
				A4B291591CF2AA01002CE6B4 /* ZhuanTou_T0UITests.m in Sources */,
			);
			runOnlyForDeploymentPostprocessing = 0;
		};
/* End PBXSourcesBuildPhase section */

/* Begin PBXTargetDependency section */
		A4B2914B1CF2AA01002CE6B4 /* PBXTargetDependency */ = {
			isa = PBXTargetDependency;
			target = A4B2912F1CF2AA00002CE6B4 /* ZhuanTou_T0 */;
			targetProxy = A4B2914A1CF2AA01002CE6B4 /* PBXContainerItemProxy */;
		};
		A4B291561CF2AA01002CE6B4 /* PBXTargetDependency */ = {
			isa = PBXTargetDependency;
			target = A4B2912F1CF2AA00002CE6B4 /* ZhuanTou_T0 */;
			targetProxy = A4B291551CF2AA01002CE6B4 /* PBXContainerItemProxy */;
		};
/* End PBXTargetDependency section */

/* Begin PBXVariantGroup section */
		A4B2913C1CF2AA00002CE6B4 /* Main.storyboard */ = {
			isa = PBXVariantGroup;
			children = (
				A4B2913D1CF2AA00002CE6B4 /* Base */,
			);
			name = Main.storyboard;
			sourceTree = "<group>";
		};
		A4B291411CF2AA00002CE6B4 /* LaunchScreen.storyboard */ = {
			isa = PBXVariantGroup;
			children = (
				A4B291421CF2AA00002CE6B4 /* Base */,
			);
			name = LaunchScreen.storyboard;
			sourceTree = "<group>";
		};
/* End PBXVariantGroup section */

/* Begin XCBuildConfiguration section */
		A4B2915B1CF2AA01002CE6B4 /* Debug */ = {
			isa = XCBuildConfiguration;
			buildSettings = {
				ALWAYS_SEARCH_USER_PATHS = NO;
				CLANG_ANALYZER_NONNULL = YES;
				CLANG_CXX_LANGUAGE_STANDARD = "gnu++0x";
				CLANG_CXX_LIBRARY = "libc++";
				CLANG_ENABLE_MODULES = YES;
				CLANG_ENABLE_OBJC_ARC = YES;
				CLANG_WARN_BOOL_CONVERSION = YES;
				CLANG_WARN_CONSTANT_CONVERSION = YES;
				CLANG_WARN_DIRECT_OBJC_ISA_USAGE = YES_ERROR;
				CLANG_WARN_EMPTY_BODY = YES;
				CLANG_WARN_ENUM_CONVERSION = YES;
				CLANG_WARN_INT_CONVERSION = YES;
				CLANG_WARN_OBJC_ROOT_CLASS = YES_ERROR;
				CLANG_WARN_UNREACHABLE_CODE = YES;
				CLANG_WARN__DUPLICATE_METHOD_MATCH = YES;
				"CODE_SIGN_IDENTITY[sdk=iphoneos*]" = "iPhone Developer";
				COPY_PHASE_STRIP = NO;
				DEBUG_INFORMATION_FORMAT = dwarf;
				ENABLE_STRICT_OBJC_MSGSEND = YES;
				ENABLE_TESTABILITY = YES;
				GCC_C_LANGUAGE_STANDARD = gnu99;
				GCC_DYNAMIC_NO_PIC = NO;
				GCC_NO_COMMON_BLOCKS = YES;
				GCC_OPTIMIZATION_LEVEL = 0;
				GCC_PREPROCESSOR_DEFINITIONS = (
					"DEBUG=1",
					"$(inherited)",
				);
				GCC_WARN_64_TO_32_BIT_CONVERSION = YES;
				GCC_WARN_ABOUT_RETURN_TYPE = YES_ERROR;
				GCC_WARN_UNDECLARED_SELECTOR = YES;
				GCC_WARN_UNINITIALIZED_AUTOS = YES_AGGRESSIVE;
				GCC_WARN_UNUSED_FUNCTION = YES;
				GCC_WARN_UNUSED_VARIABLE = YES;
				IPHONEOS_DEPLOYMENT_TARGET = 9.3;
				MTL_ENABLE_DEBUG_INFO = YES;
				ONLY_ACTIVE_ARCH = YES;
				SDKROOT = iphoneos;
			};
			name = Debug;
		};
		A4B2915C1CF2AA01002CE6B4 /* Release */ = {
			isa = XCBuildConfiguration;
			buildSettings = {
				ALWAYS_SEARCH_USER_PATHS = NO;
				CLANG_ANALYZER_NONNULL = YES;
				CLANG_CXX_LANGUAGE_STANDARD = "gnu++0x";
				CLANG_CXX_LIBRARY = "libc++";
				CLANG_ENABLE_MODULES = YES;
				CLANG_ENABLE_OBJC_ARC = YES;
				CLANG_WARN_BOOL_CONVERSION = YES;
				CLANG_WARN_CONSTANT_CONVERSION = YES;
				CLANG_WARN_DIRECT_OBJC_ISA_USAGE = YES_ERROR;
				CLANG_WARN_EMPTY_BODY = YES;
				CLANG_WARN_ENUM_CONVERSION = YES;
				CLANG_WARN_INT_CONVERSION = YES;
				CLANG_WARN_OBJC_ROOT_CLASS = YES_ERROR;
				CLANG_WARN_UNREACHABLE_CODE = YES;
				CLANG_WARN__DUPLICATE_METHOD_MATCH = YES;
				"CODE_SIGN_IDENTITY[sdk=iphoneos*]" = "iPhone Developer";
				COPY_PHASE_STRIP = NO;
				DEBUG_INFORMATION_FORMAT = "dwarf-with-dsym";
				ENABLE_NS_ASSERTIONS = NO;
				ENABLE_STRICT_OBJC_MSGSEND = YES;
				GCC_C_LANGUAGE_STANDARD = gnu99;
				GCC_NO_COMMON_BLOCKS = YES;
				GCC_WARN_64_TO_32_BIT_CONVERSION = YES;
				GCC_WARN_ABOUT_RETURN_TYPE = YES_ERROR;
				GCC_WARN_UNDECLARED_SELECTOR = YES;
				GCC_WARN_UNINITIALIZED_AUTOS = YES_AGGRESSIVE;
				GCC_WARN_UNUSED_FUNCTION = YES;
				GCC_WARN_UNUSED_VARIABLE = YES;
				IPHONEOS_DEPLOYMENT_TARGET = 9.3;
				MTL_ENABLE_DEBUG_INFO = NO;
				SDKROOT = iphoneos;
				VALIDATE_PRODUCT = YES;
			};
			name = Release;
		};
		A4B2915E1CF2AA01002CE6B4 /* Debug */ = {
			isa = XCBuildConfiguration;
			baseConfigurationReference = 7EDDB6A31C21029F3D27AB78 /* Pods.debug.xcconfig */;
			buildSettings = {
				ASSETCATALOG_COMPILER_APPICON_NAME = AppIcon;
				GCC_PRECOMPILE_PREFIX_HEADER = YES;
				GCC_PREFIX_HEADER = "$(SRCROOT)/ZhuanTou_T0/PrefixHeader.pch";
				INFOPLIST_FILE = ZhuanTou_T0/Info.plist;
				IPHONEOS_DEPLOYMENT_TARGET = 8.0;
				LD_RUNPATH_SEARCH_PATHS = "$(inherited) @executable_path/Frameworks";
				PRODUCT_BUNDLE_IDENTIFIER = "com.Momu.ZhuanTou-T0";
				PRODUCT_NAME = "$(TARGET_NAME)";
			};
			name = Debug;
		};
		A4B2915F1CF2AA01002CE6B4 /* Release */ = {
			isa = XCBuildConfiguration;
			baseConfigurationReference = 2A2B895DC58C1FD7C48EA8D7 /* Pods.release.xcconfig */;
			buildSettings = {
				ASSETCATALOG_COMPILER_APPICON_NAME = AppIcon;
				GCC_PRECOMPILE_PREFIX_HEADER = YES;
				GCC_PREFIX_HEADER = "$(SRCROOT)/ZhuanTou_T0/PrefixHeader.pch";
				INFOPLIST_FILE = ZhuanTou_T0/Info.plist;
				IPHONEOS_DEPLOYMENT_TARGET = 8.0;
				LD_RUNPATH_SEARCH_PATHS = "$(inherited) @executable_path/Frameworks";
				PRODUCT_BUNDLE_IDENTIFIER = "com.Momu.ZhuanTou-T0";
				PRODUCT_NAME = "$(TARGET_NAME)";
			};
			name = Release;
		};
		A4B291611CF2AA01002CE6B4 /* Debug */ = {
			isa = XCBuildConfiguration;
			buildSettings = {
				BUNDLE_LOADER = "$(TEST_HOST)";
				INFOPLIST_FILE = ZhuanTou_T0Tests/Info.plist;
				LD_RUNPATH_SEARCH_PATHS = "$(inherited) @executable_path/Frameworks @loader_path/Frameworks";
				PRODUCT_BUNDLE_IDENTIFIER = "com.Momu.ZhuanTou-T0Tests";
				PRODUCT_NAME = "$(TARGET_NAME)";
				TEST_HOST = "$(BUILT_PRODUCTS_DIR)/ZhuanTou_T0.app/ZhuanTou_T0";
			};
			name = Debug;
		};
		A4B291621CF2AA01002CE6B4 /* Release */ = {
			isa = XCBuildConfiguration;
			buildSettings = {
				BUNDLE_LOADER = "$(TEST_HOST)";
				INFOPLIST_FILE = ZhuanTou_T0Tests/Info.plist;
				LD_RUNPATH_SEARCH_PATHS = "$(inherited) @executable_path/Frameworks @loader_path/Frameworks";
				PRODUCT_BUNDLE_IDENTIFIER = "com.Momu.ZhuanTou-T0Tests";
				PRODUCT_NAME = "$(TARGET_NAME)";
				TEST_HOST = "$(BUILT_PRODUCTS_DIR)/ZhuanTou_T0.app/ZhuanTou_T0";
			};
			name = Release;
		};
		A4B291641CF2AA01002CE6B4 /* Debug */ = {
			isa = XCBuildConfiguration;
			buildSettings = {
				INFOPLIST_FILE = ZhuanTou_T0UITests/Info.plist;
				LD_RUNPATH_SEARCH_PATHS = "$(inherited) @executable_path/Frameworks @loader_path/Frameworks";
				PRODUCT_BUNDLE_IDENTIFIER = "com.Momu.ZhuanTou-T0UITests";
				PRODUCT_NAME = "$(TARGET_NAME)";
				TEST_TARGET_NAME = ZhuanTou_T0;
			};
			name = Debug;
		};
		A4B291651CF2AA01002CE6B4 /* Release */ = {
			isa = XCBuildConfiguration;
			buildSettings = {
				INFOPLIST_FILE = ZhuanTou_T0UITests/Info.plist;
				LD_RUNPATH_SEARCH_PATHS = "$(inherited) @executable_path/Frameworks @loader_path/Frameworks";
				PRODUCT_BUNDLE_IDENTIFIER = "com.Momu.ZhuanTou-T0UITests";
				PRODUCT_NAME = "$(TARGET_NAME)";
				TEST_TARGET_NAME = ZhuanTou_T0;
			};
			name = Release;
		};
/* End XCBuildConfiguration section */

/* Begin XCConfigurationList section */
		A4B2912B1CF2AA00002CE6B4 /* Build configuration list for PBXProject "ZhuanTou_T0" */ = {
			isa = XCConfigurationList;
			buildConfigurations = (
				A4B2915B1CF2AA01002CE6B4 /* Debug */,
				A4B2915C1CF2AA01002CE6B4 /* Release */,
			);
			defaultConfigurationIsVisible = 0;
			defaultConfigurationName = Release;
		};
		A4B2915D1CF2AA01002CE6B4 /* Build configuration list for PBXNativeTarget "ZhuanTou_T0" */ = {
			isa = XCConfigurationList;
			buildConfigurations = (
				A4B2915E1CF2AA01002CE6B4 /* Debug */,
				A4B2915F1CF2AA01002CE6B4 /* Release */,
			);
			defaultConfigurationIsVisible = 0;
			defaultConfigurationName = Release;
		};
		A4B291601CF2AA01002CE6B4 /* Build configuration list for PBXNativeTarget "ZhuanTou_T0Tests" */ = {
			isa = XCConfigurationList;
			buildConfigurations = (
				A4B291611CF2AA01002CE6B4 /* Debug */,
				A4B291621CF2AA01002CE6B4 /* Release */,
			);
			defaultConfigurationIsVisible = 0;
			defaultConfigurationName = Release;
		};
		A4B291631CF2AA01002CE6B4 /* Build configuration list for PBXNativeTarget "ZhuanTou_T0UITests" */ = {
			isa = XCConfigurationList;
			buildConfigurations = (
				A4B291641CF2AA01002CE6B4 /* Debug */,
				A4B291651CF2AA01002CE6B4 /* Release */,
			);
			defaultConfigurationIsVisible = 0;
			defaultConfigurationName = Release;
		};
/* End XCConfigurationList section */
	};
	rootObject = A4B291281CF2AA00002CE6B4 /* Project object */;
}
